// !$*UTF8*$!
{
	archiveVersion = 1;
	classes = {
	};
	objectVersion = 46;
	objects = {

/* Begin PBXBuildFile section */
		00E356F31AD99517003FC87E /* PMClientTests.m in Sources */ = {isa = PBXBuildFile; fileRef = 00E356F21AD99517003FC87E /* PMClientTests.m */; };
		08C63AD055E26839E5E5F41D /* libPods-PMClient-tvOSTests.a in Frameworks */ = {isa = PBXBuildFile; fileRef = 5E957FABA75325634EDA454E /* libPods-PMClient-tvOSTests.a */; };
		13B07FBC1A68108700A75B9A /* AppDelegate.m in Sources */ = {isa = PBXBuildFile; fileRef = 13B07FB01A68108700A75B9A /* AppDelegate.m */; };
		13B07FBD1A68108700A75B9A /* LaunchScreen.xib in Resources */ = {isa = PBXBuildFile; fileRef = 13B07FB11A68108700A75B9A /* LaunchScreen.xib */; };
		13B07FBF1A68108700A75B9A /* Images.xcassets in Resources */ = {isa = PBXBuildFile; fileRef = 13B07FB51A68108700A75B9A /* Images.xcassets */; };
		13B07FC11A68108700A75B9A /* main.m in Sources */ = {isa = PBXBuildFile; fileRef = 13B07FB71A68108700A75B9A /* main.m */; };
		14BBDD097D6B46C5AF06C2E4 /* Roboto-Regular.ttf in Resources */ = {isa = PBXBuildFile; fileRef = 9FE521CA00404BBBB72ABB62 /* Roboto-Regular.ttf */; };
		16F92F521D684534BD6A94AA /* Poppins-SemiBoldItalic.ttf in Resources */ = {isa = PBXBuildFile; fileRef = 6AF98AE782ED4EFBA8F09FD7 /* Poppins-SemiBoldItalic.ttf */; };
		18CA35E92A0047B59A3E9CCA /* Geogrotesque-SemiBold.ttf in Resources */ = {isa = PBXBuildFile; fileRef = B7A5237186804DDB9A80F3EF /* Geogrotesque-SemiBold.ttf */; };
		19D6110781794F8392F2DC94 /* Roboto-ThinItalic.ttf in Resources */ = {isa = PBXBuildFile; fileRef = 30DA2C270E5346EF8AF14B75 /* Roboto-ThinItalic.ttf */; };
		1B5A6E4FBA3B4A8CAFF9A9BF /* Poppins-Thin.ttf in Resources */ = {isa = PBXBuildFile; fileRef = 5DCE6B6E9D4141C8BBC5ABD9 /* Poppins-Thin.ttf */; };
		1D47ECD8053B447EBF806930 /* Roboto-BoldItalic.ttf in Resources */ = {isa = PBXBuildFile; fileRef = DE46B73F0DD1438FBC7A7ED7 /* Roboto-BoldItalic.ttf */; };
		2D02E4BC1E0B4A80006451C7 /* AppDelegate.m in Sources */ = {isa = PBXBuildFile; fileRef = 13B07FB01A68108700A75B9A /* AppDelegate.m */; };
		2D02E4BD1E0B4A84006451C7 /* Images.xcassets in Resources */ = {isa = PBXBuildFile; fileRef = 13B07FB51A68108700A75B9A /* Images.xcassets */; };
		2D02E4BF1E0B4AB3006451C7 /* main.m in Sources */ = {isa = PBXBuildFile; fileRef = 13B07FB71A68108700A75B9A /* main.m */; };
		2DCD954D1E0B4F2C00145EB5 /* PMClientTests.m in Sources */ = {isa = PBXBuildFile; fileRef = 00E356F21AD99517003FC87E /* PMClientTests.m */; };
		327350645EDC41DD8B334818 /* AvenirLTStd-Book.otf in Resources */ = {isa = PBXBuildFile; fileRef = AF5AE602FFBB44EF80325E70 /* AvenirLTStd-Book.otf */; };
		3DE54CC162B147A1A9B7B0B2 /* Roboto-Italic.ttf in Resources */ = {isa = PBXBuildFile; fileRef = 5B5C3AA740AD466BB63E14EC /* Roboto-Italic.ttf */; };
		648FD72CB3374482A4A89CDC /* Candara.ttf in Resources */ = {isa = PBXBuildFile; fileRef = BE0D0D2BFEDF42B48BC56482 /* Candara.ttf */; };
		6B171CDC897C417D9DB7D354 /* Geogrotesque-Regular.ttf in Resources */ = {isa = PBXBuildFile; fileRef = E9379D4A66594A2581193A21 /* Geogrotesque-Regular.ttf */; };
		706678D01C824AC68B9F1C19 /* Roboto-Light.ttf in Resources */ = {isa = PBXBuildFile; fileRef = F94C4611679140C8B23767C1 /* Roboto-Light.ttf */; };
		73DAFE5AD1F4409B9FBA4201 /* Roboto-MediumItalic.ttf in Resources */ = {isa = PBXBuildFile; fileRef = 65181F71D5DA47C284BE317D /* Roboto-MediumItalic.ttf */; };
		7DE11B88F07D44389AF4D90D /* Roboto-Medium.ttf in Resources */ = {isa = PBXBuildFile; fileRef = 9177B870B7794D4DB16DAE57 /* Roboto-Medium.ttf */; };
		80F03CC37F6E44D9ABC1E00C /* Poppins-ThinItalic.ttf in Resources */ = {isa = PBXBuildFile; fileRef = 95F3BCC739284F62BD49B7E4 /* Poppins-ThinItalic.ttf */; };
		81AB8C23E766301924563302 /* libPods-PMClient-PMClientTests.a in Frameworks */ = {isa = PBXBuildFile; fileRef = AD7341105235A98B2C61282F /* libPods-PMClient-PMClientTests.a */; };
		8631BB1193BA45E8A36001E4 /* Roboto-LightItalic.ttf in Resources */ = {isa = PBXBuildFile; fileRef = B7FE9CC0B8E44A1A9130B7AE /* Roboto-LightItalic.ttf */; };
		8B422F3A2416A8680095E4D2 /* GoogleService-Info.plist in Resources */ = {isa = PBXBuildFile; fileRef = 8B422F392416A8680095E4D2 /* GoogleService-Info.plist */; };
		8B644D98257A815B00C07D5D /* Geogrotesque-Medium.ttf in Resources */ = {isa = PBXBuildFile; fileRef = 8B644D94257A815A00C07D5D /* Geogrotesque-Medium.ttf */; };
		8B644D9A257A815B00C07D5D /* Geogrotesque-Bold.ttf in Resources */ = {isa = PBXBuildFile; fileRef = 8B644D96257A815B00C07D5D /* Geogrotesque-Bold.ttf */; };
		8BDEEC8523E1E3BB001A0D9D /* Poppins-ExtraLight.ttf in Resources */ = {isa = PBXBuildFile; fileRef = 8BDEEC6F23E1E3BB001A0D9D /* Poppins-ExtraLight.ttf */; };
		8BDEEC8623E1E3BB001A0D9D /* AvenirLTStd-Light.otf in Resources */ = {isa = PBXBuildFile; fileRef = 8BDEEC7023E1E3BB001A0D9D /* AvenirLTStd-Light.otf */; };
		8BDEEC8723E1E3BB001A0D9D /* Poppins-BlackItalic.ttf in Resources */ = {isa = PBXBuildFile; fileRef = 8BDEEC7123E1E3BB001A0D9D /* Poppins-BlackItalic.ttf */; };
		8BDEEC8923E1E3BB001A0D9D /* AvenirLTStd-Book.otf in Resources */ = {isa = PBXBuildFile; fileRef = 8BDEEC7323E1E3BB001A0D9D /* AvenirLTStd-Book.otf */; };
		8BDEEC8A23E1E3BB001A0D9D /* Poppins-LightItalic.ttf in Resources */ = {isa = PBXBuildFile; fileRef = 8BDEEC7423E1E3BB001A0D9D /* Poppins-LightItalic.ttf */; };
		8BDEEC8B23E1E3BB001A0D9D /* Poppins-Medium.ttf in Resources */ = {isa = PBXBuildFile; fileRef = 8BDEEC7523E1E3BB001A0D9D /* Poppins-Medium.ttf */; };
		8BDEEC8C23E1E3BB001A0D9D /* Poppins-SemiBoldItalic.ttf in Resources */ = {isa = PBXBuildFile; fileRef = 8BDEEC7623E1E3BB001A0D9D /* Poppins-SemiBoldItalic.ttf */; };
		8BDEEC8D23E1E3BB001A0D9D /* AvenirLTStd-Roman.otf in Resources */ = {isa = PBXBuildFile; fileRef = 8BDEEC7723E1E3BB001A0D9D /* AvenirLTStd-Roman.otf */; };
		8BDEEC8E23E1E3BB001A0D9D /* AvenirLTStd-Black.otf in Resources */ = {isa = PBXBuildFile; fileRef = 8BDEEC7823E1E3BB001A0D9D /* AvenirLTStd-Black.otf */; };
		8BDEEC8F23E1E3BB001A0D9D /* Poppins-SemiBold.ttf in Resources */ = {isa = PBXBuildFile; fileRef = 8BDEEC7923E1E3BB001A0D9D /* Poppins-SemiBold.ttf */; };
		8BDEEC9123E1E3BB001A0D9D /* Poppins-Italic.ttf in Resources */ = {isa = PBXBuildFile; fileRef = 8BDEEC7B23E1E3BB001A0D9D /* Poppins-Italic.ttf */; };
		8BDEEC9223E1E3BB001A0D9D /* Poppins-Black.ttf in Resources */ = {isa = PBXBuildFile; fileRef = 8BDEEC7C23E1E3BB001A0D9D /* Poppins-Black.ttf */; };
		8BDEEC9323E1E3BB001A0D9D /* Poppins-BoldItalic.ttf in Resources */ = {isa = PBXBuildFile; fileRef = 8BDEEC7D23E1E3BB001A0D9D /* Poppins-BoldItalic.ttf */; };
		8BDEEC9423E1E3BB001A0D9D /* Poppins-Regular.ttf in Resources */ = {isa = PBXBuildFile; fileRef = 8BDEEC7E23E1E3BB001A0D9D /* Poppins-Regular.ttf */; };
		8BDEEC9523E1E3BB001A0D9D /* Poppins-ExtraBold.ttf in Resources */ = {isa = PBXBuildFile; fileRef = 8BDEEC7F23E1E3BB001A0D9D /* Poppins-ExtraBold.ttf */; };
		8BDEEC9623E1E3BB001A0D9D /* Poppins-ExtraBoldItalic.ttf in Resources */ = {isa = PBXBuildFile; fileRef = 8BDEEC8023E1E3BB001A0D9D /* Poppins-ExtraBoldItalic.ttf */; };
		8BDEEC9723E1E3BB001A0D9D /* Poppins-Light.ttf in Resources */ = {isa = PBXBuildFile; fileRef = 8BDEEC8123E1E3BB001A0D9D /* Poppins-Light.ttf */; };
		8BDEEC9823E1E3BB001A0D9D /* Poppins-Thin.ttf in Resources */ = {isa = PBXBuildFile; fileRef = 8BDEEC8223E1E3BB001A0D9D /* Poppins-Thin.ttf */; };
		8BDEEC9923E1E3BB001A0D9D /* Poppins-ExtraLightItalic.ttf in Resources */ = {isa = PBXBuildFile; fileRef = 8BDEEC8323E1E3BB001A0D9D /* Poppins-ExtraLightItalic.ttf */; };
		8BDEEC9A23E1E3BB001A0D9D /* Poppins-MediumItalic.ttf in Resources */ = {isa = PBXBuildFile; fileRef = 8BDEEC8423E1E3BB001A0D9D /* Poppins-MediumItalic.ttf */; };
		8BE094852481511A00DFC465 /* BootSplash.storyboard in Resources */ = {isa = PBXBuildFile; fileRef = 8BE094842481511A00DFC465 /* BootSplash.storyboard */; };
		8BE094862481511A00DFC465 /* BootSplash.storyboard in Resources */ = {isa = PBXBuildFile; fileRef = 8BE094842481511A00DFC465 /* BootSplash.storyboard */; };
		8BFA7D782485367D00499E4F /* File.swift in Sources */ = {isa = PBXBuildFile; fileRef = 8BFA7D772485367D00499E4F /* File.swift */; };
		900109C1CE934B57A8B215F0 /* Roboto-Black.ttf in Resources */ = {isa = PBXBuildFile; fileRef = 56FB1DC18ACA4F1F94DF15A7 /* Roboto-Black.ttf */; };
		90AA510053804BA29840E548 /* AvenirLTStd-Roman.otf in Resources */ = {isa = PBXBuildFile; fileRef = FD0F4C3F77E84262B9A0BB95 /* AvenirLTStd-Roman.otf */; };
		949F464449F4D956AD8BE125 /* libPods-PMClient.a in Frameworks */ = {isa = PBXBuildFile; fileRef = 3606D40C1BF59BC80419F3FF /* libPods-PMClient.a */; };
		9932E60BC1BF48EFB0C00401 /* Roboto-Bold.ttf in Resources */ = {isa = PBXBuildFile; fileRef = 90E1DD22D73B4AD5A5FC9A44 /* Roboto-Bold.ttf */; };
		A280D48EA2AA4062964E0801 /* Roboto-Thin.ttf in Resources */ = {isa = PBXBuildFile; fileRef = 3C4804F04BD7494490596C4B /* Roboto-Thin.ttf */; };
		B4A5781711BB4540B849428F /* Roboto-BlackItalic.ttf in Resources */ = {isa = PBXBuildFile; fileRef = D4B6FE38C3F5463AA1B9B5DB /* Roboto-BlackItalic.ttf */; };
		BC75C210D5034CE5979ED062 /* AvenirLTStd-Black.otf in Resources */ = {isa = PBXBuildFile; fileRef = 0630C41306F2495A9A247332 /* AvenirLTStd-Black.otf */; };
		C74C03E35982058DEB0A9C5D /* libPods-PMClient-tvOS.a in Frameworks */ = {isa = PBXBuildFile; fileRef = 2077A6BBD53F7D669163BBE7 /* libPods-PMClient-tvOS.a */; };
		E296731646AF412FB19C5D12 /* AvenirLTStd-Light.otf in Resources */ = {isa = PBXBuildFile; fileRef = 82537969CC6843A9BD567EF8 /* AvenirLTStd-Light.otf */; };
/* End PBXBuildFile section */

/* Begin PBXContainerItemProxy section */
		00E356F41AD99517003FC87E /* PBXContainerItemProxy */ = {
			isa = PBXContainerItemProxy;
			containerPortal = 83CBB9F71A601CBA00E9B192 /* Project object */;
			proxyType = 1;
			remoteGlobalIDString = 13B07F861A680F5B00A75B9A;
			remoteInfo = PMClient;
		};
		2D02E4911E0B4A5D006451C7 /* PBXContainerItemProxy */ = {
			isa = PBXContainerItemProxy;
			containerPortal = 83CBB9F71A601CBA00E9B192 /* Project object */;
			proxyType = 1;
			remoteGlobalIDString = 2D02E47A1E0B4A5D006451C7;
			remoteInfo = "PMClient-tvOS";
		};
/* End PBXContainerItemProxy section */

/* Begin PBXFileReference section */
		00076EDB924B4492AA4834DA /* Poppins-ExtraLightItalic.ttf */ = {isa = PBXFileReference; explicitFileType = undefined; fileEncoding = 9; includeInIndex = 0; lastKnownFileType = unknown; name = "Poppins-ExtraLightItalic.ttf"; path = "../src/fonts/Poppins-ExtraLightItalic.ttf"; sourceTree = "<group>"; };
		008F07F21AC5B25A0029DE68 /* main.jsbundle */ = {isa = PBXFileReference; fileEncoding = 4; lastKnownFileType = text; path = main.jsbundle; sourceTree = "<group>"; };
		00E356EE1AD99517003FC87E /* PMClientTests.xctest */ = {isa = PBXFileReference; explicitFileType = wrapper.cfbundle; includeInIndex = 0; path = PMClientTests.xctest; sourceTree = BUILT_PRODUCTS_DIR; };
		00E356F11AD99517003FC87E /* Info.plist */ = {isa = PBXFileReference; lastKnownFileType = text.plist.xml; path = Info.plist; sourceTree = "<group>"; };
		00E356F21AD99517003FC87E /* PMClientTests.m */ = {isa = PBXFileReference; lastKnownFileType = sourcecode.c.objc; path = PMClientTests.m; sourceTree = "<group>"; };
		0630C41306F2495A9A247332 /* AvenirLTStd-Black.otf */ = {isa = PBXFileReference; explicitFileType = undefined; fileEncoding = 9; includeInIndex = 0; lastKnownFileType = unknown; name = "AvenirLTStd-Black.otf"; path = "../src/fonts/ios/AvenirLTStd-Black.otf"; sourceTree = "<group>"; };
		104A38B124B440CEA6C49ECE /* AvenirLTStd-Light.otf */ = {isa = PBXFileReference; explicitFileType = undefined; fileEncoding = 9; includeInIndex = 0; lastKnownFileType = unknown; name = "AvenirLTStd-Light.otf"; path = "../src/fonts/AvenirLTStd-Light.otf"; sourceTree = "<group>"; };
		107433C7FD8649A0A5AFB11D /* Poppins-ExtraBold.ttf */ = {isa = PBXFileReference; explicitFileType = undefined; fileEncoding = 9; includeInIndex = 0; lastKnownFileType = unknown; name = "Poppins-ExtraBold.ttf"; path = "../src/fonts/ios/Poppins-ExtraBold.ttf"; sourceTree = "<group>"; };
		119342583DF547C896B66A23 /* AvenirLTStd-Black.otf */ = {isa = PBXFileReference; explicitFileType = undefined; fileEncoding = 9; includeInIndex = 0; lastKnownFileType = unknown; name = "AvenirLTStd-Black.otf"; path = "../src/fonts/AvenirLTStd-Black.otf"; sourceTree = "<group>"; };
		134B1167C75843D18FAAC3A1 /* Poppins-Medium.ttf */ = {isa = PBXFileReference; explicitFileType = undefined; fileEncoding = 9; includeInIndex = 0; lastKnownFileType = unknown; name = "Poppins-Medium.ttf"; path = "../src/fonts/ios/Poppins-Medium.ttf"; sourceTree = "<group>"; };
		13B07F961A680F5B00A75B9A /* PMClient.app */ = {isa = PBXFileReference; explicitFileType = wrapper.application; includeInIndex = 0; path = PMClient.app; sourceTree = BUILT_PRODUCTS_DIR; };
		13B07FAF1A68108700A75B9A /* AppDelegate.h */ = {isa = PBXFileReference; fileEncoding = 4; lastKnownFileType = sourcecode.c.h; name = AppDelegate.h; path = PMClient/AppDelegate.h; sourceTree = "<group>"; };
		13B07FB01A68108700A75B9A /* AppDelegate.m */ = {isa = PBXFileReference; fileEncoding = 4; lastKnownFileType = sourcecode.c.objc; name = AppDelegate.m; path = PMClient/AppDelegate.m; sourceTree = "<group>"; };
		13B07FB21A68108700A75B9A /* Base */ = {isa = PBXFileReference; lastKnownFileType = file.xib; name = Base; path = Base.lproj/LaunchScreen.xib; sourceTree = "<group>"; };
		13B07FB51A68108700A75B9A /* Images.xcassets */ = {isa = PBXFileReference; lastKnownFileType = folder.assetcatalog; name = Images.xcassets; path = PMClient/Images.xcassets; sourceTree = "<group>"; };
		13B07FB61A68108700A75B9A /* Info.plist */ = {isa = PBXFileReference; fileEncoding = 4; lastKnownFileType = text.plist.xml; name = Info.plist; path = PMClient/Info.plist; sourceTree = "<group>"; };
		13B07FB71A68108700A75B9A /* main.m */ = {isa = PBXFileReference; fileEncoding = 4; lastKnownFileType = sourcecode.c.objc; name = main.m; path = PMClient/main.m; sourceTree = "<group>"; };
		160884F4D88D3F4085AD7479 /* Pods-PMClient-tvOSTests.debug.xcconfig */ = {isa = PBXFileReference; includeInIndex = 1; lastKnownFileType = text.xcconfig; name = "Pods-PMClient-tvOSTests.debug.xcconfig"; path = "Target Support Files/Pods-PMClient-tvOSTests/Pods-PMClient-tvOSTests.debug.xcconfig"; sourceTree = "<group>"; };
		16785E2BC6A145FFBC88C8F7 /* Poppins-SemiBoldItalic.ttf */ = {isa = PBXFileReference; explicitFileType = undefined; fileEncoding = 9; includeInIndex = 0; lastKnownFileType = unknown; name = "Poppins-SemiBoldItalic.ttf"; path = "../src/fonts/Poppins-SemiBoldItalic.ttf"; sourceTree = "<group>"; };
		1790F41E74D84DE0BB3A11E4 /* Poppins-BoldItalic.ttf */ = {isa = PBXFileReference; explicitFileType = undefined; fileEncoding = 9; includeInIndex = 0; lastKnownFileType = unknown; name = "Poppins-BoldItalic.ttf"; path = "../src/fonts/Poppins-BoldItalic.ttf"; sourceTree = "<group>"; };
		2077A6BBD53F7D669163BBE7 /* libPods-PMClient-tvOS.a */ = {isa = PBXFileReference; explicitFileType = archive.ar; includeInIndex = 0; path = "libPods-PMClient-tvOS.a"; sourceTree = BUILT_PRODUCTS_DIR; };
		2C1FCE2229A58368008F60ED /* Candara.ttf */ = {isa = PBXFileReference; lastKnownFileType = file; name = Candara.ttf; path = ../../src/fonts/Candara.ttf; sourceTree = "<group>"; };
		2D02E47B1E0B4A5D006451C7 /* PMClient-tvOS.app */ = {isa = PBXFileReference; explicitFileType = wrapper.application; includeInIndex = 0; path = "PMClient-tvOS.app"; sourceTree = BUILT_PRODUCTS_DIR; };
		2D02E4901E0B4A5D006451C7 /* PMClient-tvOSTests.xctest */ = {isa = PBXFileReference; explicitFileType = wrapper.cfbundle; includeInIndex = 0; path = "PMClient-tvOSTests.xctest"; sourceTree = BUILT_PRODUCTS_DIR; };
		30DA2C270E5346EF8AF14B75 /* Roboto-ThinItalic.ttf */ = {isa = PBXFileReference; explicitFileType = undefined; fileEncoding = 9; includeInIndex = 0; lastKnownFileType = unknown; name = "Roboto-ThinItalic.ttf"; path = "../src/fonts/Roboto-ThinItalic.ttf"; sourceTree = "<group>"; };
		3606D40C1BF59BC80419F3FF /* libPods-PMClient.a */ = {isa = PBXFileReference; explicitFileType = archive.ar; includeInIndex = 0; path = "libPods-PMClient.a"; sourceTree = BUILT_PRODUCTS_DIR; };
		3C4804F04BD7494490596C4B /* Roboto-Thin.ttf */ = {isa = PBXFileReference; explicitFileType = undefined; fileEncoding = 9; includeInIndex = 0; lastKnownFileType = unknown; name = "Roboto-Thin.ttf"; path = "../src/fonts/Roboto-Thin.ttf"; sourceTree = "<group>"; };
		3DE81E2557FB2F7358C2D3C9 /* Pods-PMClient.debug.xcconfig */ = {isa = PBXFileReference; includeInIndex = 1; lastKnownFileType = text.xcconfig; name = "Pods-PMClient.debug.xcconfig"; path = "Target Support Files/Pods-PMClient/Pods-PMClient.debug.xcconfig"; sourceTree = "<group>"; };
		457B476C16544A3B96795CB7 /* Poppins-Thin.ttf */ = {isa = PBXFileReference; explicitFileType = undefined; fileEncoding = 9; includeInIndex = 0; lastKnownFileType = unknown; name = "Poppins-Thin.ttf"; path = "../src/fonts/Poppins-Thin.ttf"; sourceTree = "<group>"; };
		46911D6B8A8C40089629CBBD /* Poppins-BlackItalic.ttf */ = {isa = PBXFileReference; explicitFileType = undefined; fileEncoding = 9; includeInIndex = 0; lastKnownFileType = unknown; name = "Poppins-BlackItalic.ttf"; path = "../src/fonts/Poppins-BlackItalic.ttf"; sourceTree = "<group>"; };
		49675DCC7A7644938CCD8DFC /* AvenirLTStd-Book.otf */ = {isa = PBXFileReference; explicitFileType = undefined; fileEncoding = 9; includeInIndex = 0; lastKnownFileType = unknown; name = "AvenirLTStd-Book.otf"; path = "../src/fonts/AvenirLTStd-Book.otf"; sourceTree = "<group>"; };
		540AEFDCEA21448097579229 /* Poppins-Black.ttf */ = {isa = PBXFileReference; explicitFileType = undefined; fileEncoding = 9; includeInIndex = 0; lastKnownFileType = unknown; name = "Poppins-Black.ttf"; path = "../src/fonts/ios/Poppins-Black.ttf"; sourceTree = "<group>"; };
		56FB1DC18ACA4F1F94DF15A7 /* Roboto-Black.ttf */ = {isa = PBXFileReference; explicitFileType = undefined; fileEncoding = 9; includeInIndex = 0; lastKnownFileType = unknown; name = "Roboto-Black.ttf"; path = "../src/fonts/Roboto-Black.ttf"; sourceTree = "<group>"; };
		5964F61CF5CE41138EAC3894 /* Poppins-Regular.ttf */ = {isa = PBXFileReference; explicitFileType = undefined; fileEncoding = 9; includeInIndex = 0; lastKnownFileType = unknown; name = "Poppins-Regular.ttf"; path = "../src/fonts/ios/Poppins-Regular.ttf"; sourceTree = "<group>"; };
		5B5C3AA740AD466BB63E14EC /* Roboto-Italic.ttf */ = {isa = PBXFileReference; explicitFileType = undefined; fileEncoding = 9; includeInIndex = 0; lastKnownFileType = unknown; name = "Roboto-Italic.ttf"; path = "../src/fonts/Roboto-Italic.ttf"; sourceTree = "<group>"; };
		5DCE6B6E9D4141C8BBC5ABD9 /* Poppins-Thin.ttf */ = {isa = PBXFileReference; explicitFileType = undefined; fileEncoding = 9; includeInIndex = 0; lastKnownFileType = unknown; name = "Poppins-Thin.ttf"; path = "../src/fonts/ios/Poppins-Thin.ttf"; sourceTree = "<group>"; };
		5E957FABA75325634EDA454E /* libPods-PMClient-tvOSTests.a */ = {isa = PBXFileReference; explicitFileType = archive.ar; includeInIndex = 0; path = "libPods-PMClient-tvOSTests.a"; sourceTree = BUILT_PRODUCTS_DIR; };
		621563CE17A74C79A6E7D0D3 /* Poppins-Regular.ttf */ = {isa = PBXFileReference; explicitFileType = undefined; fileEncoding = 9; includeInIndex = 0; lastKnownFileType = unknown; name = "Poppins-Regular.ttf"; path = "../src/fonts/Poppins-Regular.ttf"; sourceTree = "<group>"; };
		65181F71D5DA47C284BE317D /* Roboto-MediumItalic.ttf */ = {isa = PBXFileReference; explicitFileType = undefined; fileEncoding = 9; includeInIndex = 0; lastKnownFileType = unknown; name = "Roboto-MediumItalic.ttf"; path = "../src/fonts/Roboto-MediumItalic.ttf"; sourceTree = "<group>"; };
		6AF98AE782ED4EFBA8F09FD7 /* Poppins-SemiBoldItalic.ttf */ = {isa = PBXFileReference; explicitFileType = undefined; fileEncoding = 9; includeInIndex = 0; lastKnownFileType = unknown; name = "Poppins-SemiBoldItalic.ttf"; path = "../src/fonts/ios/Poppins-SemiBoldItalic.ttf"; sourceTree = "<group>"; };
		6BA02D60E01A4325A513A8E6 /* Poppins-ExtraBoldItalic.ttf */ = {isa = PBXFileReference; explicitFileType = undefined; fileEncoding = 9; includeInIndex = 0; lastKnownFileType = unknown; name = "Poppins-ExtraBoldItalic.ttf"; path = "../src/fonts/Poppins-ExtraBoldItalic.ttf"; sourceTree = "<group>"; };
		6CA1529967044240B9F8A7D8 /* Poppins-Black.ttf */ = {isa = PBXFileReference; explicitFileType = undefined; fileEncoding = 9; includeInIndex = 0; lastKnownFileType = unknown; name = "Poppins-Black.ttf"; path = "../src/fonts/Poppins-Black.ttf"; sourceTree = "<group>"; };
		72804E7D920F45C78B38F71C /* Poppins-ExtraBoldItalic.ttf */ = {isa = PBXFileReference; explicitFileType = undefined; fileEncoding = 9; includeInIndex = 0; lastKnownFileType = unknown; name = "Poppins-ExtraBoldItalic.ttf"; path = "../src/fonts/ios/Poppins-ExtraBoldItalic.ttf"; sourceTree = "<group>"; };
		76B854CC67BB4156AB1548A3 /* Poppins-ExtraBold.ttf */ = {isa = PBXFileReference; explicitFileType = undefined; fileEncoding = 9; includeInIndex = 0; lastKnownFileType = unknown; name = "Poppins-ExtraBold.ttf"; path = "../src/fonts/Poppins-ExtraBold.ttf"; sourceTree = "<group>"; };
		791289973A394513A8B68E91 /* Poppins-BlackItalic.ttf */ = {isa = PBXFileReference; explicitFileType = undefined; fileEncoding = 9; includeInIndex = 0; lastKnownFileType = unknown; name = "Poppins-BlackItalic.ttf"; path = "../src/fonts/ios/Poppins-BlackItalic.ttf"; sourceTree = "<group>"; };
		79237D7DCF58CFAC1F8E8A7A /* Pods-PMClient-tvOS.debug.xcconfig */ = {isa = PBXFileReference; includeInIndex = 1; lastKnownFileType = text.xcconfig; name = "Pods-PMClient-tvOS.debug.xcconfig"; path = "Target Support Files/Pods-PMClient-tvOS/Pods-PMClient-tvOS.debug.xcconfig"; sourceTree = "<group>"; };
		7E1E393CBB064DF69637F64F /* Poppins-Light.ttf */ = {isa = PBXFileReference; explicitFileType = undefined; fileEncoding = 9; includeInIndex = 0; lastKnownFileType = unknown; name = "Poppins-Light.ttf"; path = "../src/fonts/ios/Poppins-Light.ttf"; sourceTree = "<group>"; };
		82537969CC6843A9BD567EF8 /* AvenirLTStd-Light.otf */ = {isa = PBXFileReference; explicitFileType = undefined; fileEncoding = 9; includeInIndex = 0; lastKnownFileType = unknown; name = "AvenirLTStd-Light.otf"; path = "../src/fonts/ios/AvenirLTStd-Light.otf"; sourceTree = "<group>"; };
		84DC46B821EECE2079B4E565 /* Pods-PMClient-tvOS.release.xcconfig */ = {isa = PBXFileReference; includeInIndex = 1; lastKnownFileType = text.xcconfig; name = "Pods-PMClient-tvOS.release.xcconfig"; path = "Target Support Files/Pods-PMClient-tvOS/Pods-PMClient-tvOS.release.xcconfig"; sourceTree = "<group>"; };
		8754A1EF06B74AB8AC9068DE /* Poppins-ExtraLight.ttf */ = {isa = PBXFileReference; explicitFileType = undefined; fileEncoding = 9; includeInIndex = 0; lastKnownFileType = unknown; name = "Poppins-ExtraLight.ttf"; path = "../src/fonts/Poppins-ExtraLight.ttf"; sourceTree = "<group>"; };
		8B422F392416A8680095E4D2 /* GoogleService-Info.plist */ = {isa = PBXFileReference; fileEncoding = 4; lastKnownFileType = text.plist.xml; path = "GoogleService-Info.plist"; sourceTree = "<group>"; };
		8B592B9323E9C40F009455D1 /* PMClient.entitlements */ = {isa = PBXFileReference; lastKnownFileType = text.plist.entitlements; name = PMClient.entitlements; path = PMClient/PMClient.entitlements; sourceTree = "<group>"; };
		8B644D8C257A814A00C07D5D /* Geogrotesque-Regular.ttf */ = {isa = PBXFileReference; lastKnownFileType = file; name = "Geogrotesque-Regular.ttf"; path = "../src/fonts/ios/Geogrotesque-Regular.ttf"; sourceTree = "<group>"; };
		8B644D8D257A814A00C07D5D /* Geogrotesque-Medium.ttf */ = {isa = PBXFileReference; lastKnownFileType = file; name = "Geogrotesque-Medium.ttf"; path = "../src/fonts/ios/Geogrotesque-Medium.ttf"; sourceTree = "<group>"; };
		8B644D8E257A814A00C07D5D /* Geogrotesque-Bold.ttf */ = {isa = PBXFileReference; lastKnownFileType = file; name = "Geogrotesque-Bold.ttf"; path = "../src/fonts/ios/Geogrotesque-Bold.ttf"; sourceTree = "<group>"; };
		8B644D8F257A814A00C07D5D /* Geogrotesque-SemiBold.ttf */ = {isa = PBXFileReference; lastKnownFileType = file; name = "Geogrotesque-SemiBold.ttf"; path = "../src/fonts/ios/Geogrotesque-SemiBold.ttf"; sourceTree = "<group>"; };
		8B644D94257A815A00C07D5D /* Geogrotesque-Medium.ttf */ = {isa = PBXFileReference; lastKnownFileType = file; name = "Geogrotesque-Medium.ttf"; path = "../../src/fonts/ios/Geogrotesque-Medium.ttf"; sourceTree = "<group>"; };
		8B644D95257A815B00C07D5D /* Geogrotesque-SemiBold.ttf */ = {isa = PBXFileReference; lastKnownFileType = file; name = "Geogrotesque-SemiBold.ttf"; path = "../../src/fonts/ios/Geogrotesque-SemiBold.ttf"; sourceTree = "<group>"; };
		8B644D96257A815B00C07D5D /* Geogrotesque-Bold.ttf */ = {isa = PBXFileReference; lastKnownFileType = file; name = "Geogrotesque-Bold.ttf"; path = "../../src/fonts/ios/Geogrotesque-Bold.ttf"; sourceTree = "<group>"; };
		8B644D97257A815B00C07D5D /* Geogrotesque-Regular.ttf */ = {isa = PBXFileReference; lastKnownFileType = file; name = "Geogrotesque-Regular.ttf"; path = "../../src/fonts/ios/Geogrotesque-Regular.ttf"; sourceTree = "<group>"; };
		8BDEEC6F23E1E3BB001A0D9D /* Poppins-ExtraLight.ttf */ = {isa = PBXFileReference; lastKnownFileType = file; name = "Poppins-ExtraLight.ttf"; path = "../../src/fonts/ios/Poppins-ExtraLight.ttf"; sourceTree = "<group>"; };
		8BDEEC7023E1E3BB001A0D9D /* AvenirLTStd-Light.otf */ = {isa = PBXFileReference; lastKnownFileType = file; name = "AvenirLTStd-Light.otf"; path = "../../src/fonts/ios/AvenirLTStd-Light.otf"; sourceTree = "<group>"; };
		8BDEEC7123E1E3BB001A0D9D /* Poppins-BlackItalic.ttf */ = {isa = PBXFileReference; lastKnownFileType = file; name = "Poppins-BlackItalic.ttf"; path = "../../src/fonts/ios/Poppins-BlackItalic.ttf"; sourceTree = "<group>"; };
		8BDEEC7223E1E3BB001A0D9D /* Poppins-Bold.ttf */ = {isa = PBXFileReference; lastKnownFileType = file; name = "Poppins-Bold.ttf"; path = "../../src/fonts/ios/Poppins-Bold.ttf"; sourceTree = "<group>"; };
		8BDEEC7323E1E3BB001A0D9D /* AvenirLTStd-Book.otf */ = {isa = PBXFileReference; lastKnownFileType = file; name = "AvenirLTStd-Book.otf"; path = "../../src/fonts/ios/AvenirLTStd-Book.otf"; sourceTree = "<group>"; };
		8BDEEC7423E1E3BB001A0D9D /* Poppins-LightItalic.ttf */ = {isa = PBXFileReference; lastKnownFileType = file; name = "Poppins-LightItalic.ttf"; path = "../../src/fonts/ios/Poppins-LightItalic.ttf"; sourceTree = "<group>"; };
		8BDEEC7523E1E3BB001A0D9D /* Poppins-Medium.ttf */ = {isa = PBXFileReference; lastKnownFileType = file; name = "Poppins-Medium.ttf"; path = "../../src/fonts/ios/Poppins-Medium.ttf"; sourceTree = "<group>"; };
		8BDEEC7623E1E3BB001A0D9D /* Poppins-SemiBoldItalic.ttf */ = {isa = PBXFileReference; lastKnownFileType = file; name = "Poppins-SemiBoldItalic.ttf"; path = "../../src/fonts/ios/Poppins-SemiBoldItalic.ttf"; sourceTree = "<group>"; };
		8BDEEC7723E1E3BB001A0D9D /* AvenirLTStd-Roman.otf */ = {isa = PBXFileReference; lastKnownFileType = file; name = "AvenirLTStd-Roman.otf"; path = "../../src/fonts/ios/AvenirLTStd-Roman.otf"; sourceTree = "<group>"; };
		8BDEEC7823E1E3BB001A0D9D /* AvenirLTStd-Black.otf */ = {isa = PBXFileReference; lastKnownFileType = file; name = "AvenirLTStd-Black.otf"; path = "../../src/fonts/ios/AvenirLTStd-Black.otf"; sourceTree = "<group>"; };
		8BDEEC7923E1E3BB001A0D9D /* Poppins-SemiBold.ttf */ = {isa = PBXFileReference; lastKnownFileType = file; name = "Poppins-SemiBold.ttf"; path = "../../src/fonts/ios/Poppins-SemiBold.ttf"; sourceTree = "<group>"; };
		8BDEEC7A23E1E3BB001A0D9D /* Poppins-ThinItalic.ttf */ = {isa = PBXFileReference; lastKnownFileType = file; name = "Poppins-ThinItalic.ttf"; path = "../../src/fonts/ios/Poppins-ThinItalic.ttf"; sourceTree = "<group>"; };
		8BDEEC7B23E1E3BB001A0D9D /* Poppins-Italic.ttf */ = {isa = PBXFileReference; lastKnownFileType = file; name = "Poppins-Italic.ttf"; path = "../../src/fonts/ios/Poppins-Italic.ttf"; sourceTree = "<group>"; };
		8BDEEC7C23E1E3BB001A0D9D /* Poppins-Black.ttf */ = {isa = PBXFileReference; lastKnownFileType = file; name = "Poppins-Black.ttf"; path = "../../src/fonts/ios/Poppins-Black.ttf"; sourceTree = "<group>"; };
		8BDEEC7D23E1E3BB001A0D9D /* Poppins-BoldItalic.ttf */ = {isa = PBXFileReference; lastKnownFileType = file; name = "Poppins-BoldItalic.ttf"; path = "../../src/fonts/ios/Poppins-BoldItalic.ttf"; sourceTree = "<group>"; };
		8BDEEC7E23E1E3BB001A0D9D /* Poppins-Regular.ttf */ = {isa = PBXFileReference; lastKnownFileType = file; name = "Poppins-Regular.ttf"; path = "../../src/fonts/ios/Poppins-Regular.ttf"; sourceTree = "<group>"; };
		8BDEEC7F23E1E3BB001A0D9D /* Poppins-ExtraBold.ttf */ = {isa = PBXFileReference; lastKnownFileType = file; name = "Poppins-ExtraBold.ttf"; path = "../../src/fonts/ios/Poppins-ExtraBold.ttf"; sourceTree = "<group>"; };
		8BDEEC8023E1E3BB001A0D9D /* Poppins-ExtraBoldItalic.ttf */ = {isa = PBXFileReference; lastKnownFileType = file; name = "Poppins-ExtraBoldItalic.ttf"; path = "../../src/fonts/ios/Poppins-ExtraBoldItalic.ttf"; sourceTree = "<group>"; };
		8BDEEC8123E1E3BB001A0D9D /* Poppins-Light.ttf */ = {isa = PBXFileReference; lastKnownFileType = file; name = "Poppins-Light.ttf"; path = "../../src/fonts/ios/Poppins-Light.ttf"; sourceTree = "<group>"; };
		8BDEEC8223E1E3BB001A0D9D /* Poppins-Thin.ttf */ = {isa = PBXFileReference; lastKnownFileType = file; name = "Poppins-Thin.ttf"; path = "../../src/fonts/ios/Poppins-Thin.ttf"; sourceTree = "<group>"; };
		8BDEEC8323E1E3BB001A0D9D /* Poppins-ExtraLightItalic.ttf */ = {isa = PBXFileReference; lastKnownFileType = file; name = "Poppins-ExtraLightItalic.ttf"; path = "../../src/fonts/ios/Poppins-ExtraLightItalic.ttf"; sourceTree = "<group>"; };
		8BDEEC8423E1E3BB001A0D9D /* Poppins-MediumItalic.ttf */ = {isa = PBXFileReference; lastKnownFileType = file; name = "Poppins-MediumItalic.ttf"; path = "../../src/fonts/ios/Poppins-MediumItalic.ttf"; sourceTree = "<group>"; };
		8BE094842481511A00DFC465 /* BootSplash.storyboard */ = {isa = PBXFileReference; fileEncoding = 4; lastKnownFileType = file.storyboard; name = BootSplash.storyboard; path = PMClient/BootSplash.storyboard; sourceTree = "<group>"; };
		8BFA7D74248533FB00499E4F /* PMClient-Bridging-Header.h */ = {isa = PBXFileReference; lastKnownFileType = sourcecode.c.h; path = "PMClient-Bridging-Header.h"; sourceTree = "<group>"; };
		8BFA7D772485367D00499E4F /* File.swift */ = {isa = PBXFileReference; lastKnownFileType = sourcecode.swift; path = File.swift; sourceTree = "<group>"; };
		90E1DD22D73B4AD5A5FC9A44 /* Roboto-Bold.ttf */ = {isa = PBXFileReference; explicitFileType = undefined; fileEncoding = 9; includeInIndex = 0; lastKnownFileType = unknown; name = "Roboto-Bold.ttf"; path = "../src/fonts/Roboto-Bold.ttf"; sourceTree = "<group>"; };
		9177B870B7794D4DB16DAE57 /* Roboto-Medium.ttf */ = {isa = PBXFileReference; explicitFileType = undefined; fileEncoding = 9; includeInIndex = 0; lastKnownFileType = unknown; name = "Roboto-Medium.ttf"; path = "../src/fonts/Roboto-Medium.ttf"; sourceTree = "<group>"; };
		95F3BCC739284F62BD49B7E4 /* Poppins-ThinItalic.ttf */ = {isa = PBXFileReference; explicitFileType = undefined; fileEncoding = 9; includeInIndex = 0; lastKnownFileType = unknown; name = "Poppins-ThinItalic.ttf"; path = "../src/fonts/ios/Poppins-ThinItalic.ttf"; sourceTree = "<group>"; };
		9FE521CA00404BBBB72ABB62 /* Roboto-Regular.ttf */ = {isa = PBXFileReference; explicitFileType = undefined; fileEncoding = 9; includeInIndex = 0; lastKnownFileType = unknown; name = "Roboto-Regular.ttf"; path = "../src/fonts/Roboto-Regular.ttf"; sourceTree = "<group>"; };
		AB6BEC67BE5041B180B440B3 /* Poppins-ThinItalic.ttf */ = {isa = PBXFileReference; explicitFileType = undefined; fileEncoding = 9; includeInIndex = 0; lastKnownFileType = unknown; name = "Poppins-ThinItalic.ttf"; path = "../src/fonts/Poppins-ThinItalic.ttf"; sourceTree = "<group>"; };
		AD7341105235A98B2C61282F /* libPods-PMClient-PMClientTests.a */ = {isa = PBXFileReference; explicitFileType = archive.ar; includeInIndex = 0; path = "libPods-PMClient-PMClientTests.a"; sourceTree = BUILT_PRODUCTS_DIR; };
		AF5AE602FFBB44EF80325E70 /* AvenirLTStd-Book.otf */ = {isa = PBXFileReference; explicitFileType = undefined; fileEncoding = 9; includeInIndex = 0; lastKnownFileType = unknown; name = "AvenirLTStd-Book.otf"; path = "../src/fonts/ios/AvenirLTStd-Book.otf"; sourceTree = "<group>"; };
		B149C3E4C7F6AB77FBB1E417 /* Pods-PMClient-tvOSTests.release.xcconfig */ = {isa = PBXFileReference; includeInIndex = 1; lastKnownFileType = text.xcconfig; name = "Pods-PMClient-tvOSTests.release.xcconfig"; path = "Target Support Files/Pods-PMClient-tvOSTests/Pods-PMClient-tvOSTests.release.xcconfig"; sourceTree = "<group>"; };
		B3D846D2C449496E8317A7EA /* Poppins-ExtraLight.ttf */ = {isa = PBXFileReference; explicitFileType = undefined; fileEncoding = 9; includeInIndex = 0; lastKnownFileType = unknown; name = "Poppins-ExtraLight.ttf"; path = "../src/fonts/ios/Poppins-ExtraLight.ttf"; sourceTree = "<group>"; };
		B7A5237186804DDB9A80F3EF /* Geogrotesque-SemiBold.ttf */ = {isa = PBXFileReference; explicitFileType = undefined; fileEncoding = 9; includeInIndex = 0; lastKnownFileType = unknown; name = "Geogrotesque-SemiBold.ttf"; path = "../src/fonts/Geogrotesque-SemiBold.ttf"; sourceTree = "<group>"; };
		B7FE9CC0B8E44A1A9130B7AE /* Roboto-LightItalic.ttf */ = {isa = PBXFileReference; explicitFileType = undefined; fileEncoding = 9; includeInIndex = 0; lastKnownFileType = unknown; name = "Roboto-LightItalic.ttf"; path = "../src/fonts/Roboto-LightItalic.ttf"; sourceTree = "<group>"; };
		B85960BB75364C97B34DF8DC /* Poppins-MediumItalic.ttf */ = {isa = PBXFileReference; explicitFileType = undefined; fileEncoding = 9; includeInIndex = 0; lastKnownFileType = unknown; name = "Poppins-MediumItalic.ttf"; path = "../src/fonts/ios/Poppins-MediumItalic.ttf"; sourceTree = "<group>"; };
		BC406B83192D4903BC32EDF0 /* Poppins-MediumItalic.ttf */ = {isa = PBXFileReference; explicitFileType = undefined; fileEncoding = 9; includeInIndex = 0; lastKnownFileType = unknown; name = "Poppins-MediumItalic.ttf"; path = "../src/fonts/Poppins-MediumItalic.ttf"; sourceTree = "<group>"; };
		BE0D0D2BFEDF42B48BC56482 /* Candara.ttf */ = {isa = PBXFileReference; explicitFileType = undefined; fileEncoding = 9; includeInIndex = 0; lastKnownFileType = unknown; name = Candara.ttf; path = ../src/fonts/Candara.ttf; sourceTree = "<group>"; };
		BFFA4F4B2B0D4BFE82EDD568 /* AvenirLTStd-Roman.otf */ = {isa = PBXFileReference; explicitFileType = undefined; fileEncoding = 9; includeInIndex = 0; lastKnownFileType = unknown; name = "AvenirLTStd-Roman.otf"; path = "../src/fonts/AvenirLTStd-Roman.otf"; sourceTree = "<group>"; };
		C15C83D5E5D548B5A2837279 /* Poppins-LightItalic.ttf */ = {isa = PBXFileReference; explicitFileType = undefined; fileEncoding = 9; includeInIndex = 0; lastKnownFileType = unknown; name = "Poppins-LightItalic.ttf"; path = "../src/fonts/Poppins-LightItalic.ttf"; sourceTree = "<group>"; };
		C1835F47EB904988A8B0EDB9 /* Geogrotesque-Bold.ttf */ = {isa = PBXFileReference; explicitFileType = undefined; fileEncoding = 9; includeInIndex = 0; lastKnownFileType = unknown; name = "Geogrotesque-Bold.ttf"; path = "../src/fonts/Geogrotesque-Bold.ttf"; sourceTree = "<group>"; };
		C3323C0BCC1159A507D62DF8 /* Pods-PMClient-PMClientTests.release.xcconfig */ = {isa = PBXFileReference; includeInIndex = 1; lastKnownFileType = text.xcconfig; name = "Pods-PMClient-PMClientTests.release.xcconfig"; path = "Target Support Files/Pods-PMClient-PMClientTests/Pods-PMClient-PMClientTests.release.xcconfig"; sourceTree = "<group>"; };
		C65A0E16EE733B2AF65F4C4F /* Pods-PMClient.release.xcconfig */ = {isa = PBXFileReference; includeInIndex = 1; lastKnownFileType = text.xcconfig; name = "Pods-PMClient.release.xcconfig"; path = "Target Support Files/Pods-PMClient/Pods-PMClient.release.xcconfig"; sourceTree = "<group>"; };
		C7DAFF1CEA274CBE834A70F8 /* Geogrotesque-Medium.ttf */ = {isa = PBXFileReference; explicitFileType = undefined; fileEncoding = 9; includeInIndex = 0; lastKnownFileType = unknown; name = "Geogrotesque-Medium.ttf"; path = "../src/fonts/Geogrotesque-Medium.ttf"; sourceTree = "<group>"; };
		D3418DDD01C448CDBA22B532 /* Poppins-Bold.ttf */ = {isa = PBXFileReference; explicitFileType = undefined; fileEncoding = 9; includeInIndex = 0; lastKnownFileType = unknown; name = "Poppins-Bold.ttf"; path = "../src/fonts/ios/Poppins-Bold.ttf"; sourceTree = "<group>"; };
		D358C90A51D341B4BEA9977A /* Poppins-SemiBold.ttf */ = {isa = PBXFileReference; explicitFileType = undefined; fileEncoding = 9; includeInIndex = 0; lastKnownFileType = unknown; name = "Poppins-SemiBold.ttf"; path = "../src/fonts/ios/Poppins-SemiBold.ttf"; sourceTree = "<group>"; };
		D47E818C631D87695A1B4967 /* Pods-PMClient-PMClientTests.debug.xcconfig */ = {isa = PBXFileReference; includeInIndex = 1; lastKnownFileType = text.xcconfig; name = "Pods-PMClient-PMClientTests.debug.xcconfig"; path = "Target Support Files/Pods-PMClient-PMClientTests/Pods-PMClient-PMClientTests.debug.xcconfig"; sourceTree = "<group>"; };
		D4B6FE38C3F5463AA1B9B5DB /* Roboto-BlackItalic.ttf */ = {isa = PBXFileReference; explicitFileType = undefined; fileEncoding = 9; includeInIndex = 0; lastKnownFileType = unknown; name = "Roboto-BlackItalic.ttf"; path = "../src/fonts/Roboto-BlackItalic.ttf"; sourceTree = "<group>"; };
		D9A97DAE4E394522A2115E45 /* Poppins-Medium.ttf */ = {isa = PBXFileReference; explicitFileType = undefined; fileEncoding = 9; includeInIndex = 0; lastKnownFileType = unknown; name = "Poppins-Medium.ttf"; path = "../src/fonts/Poppins-Medium.ttf"; sourceTree = "<group>"; };
		DC0A574F717A49D59184F6AB /* Poppins-SemiBold.ttf */ = {isa = PBXFileReference; explicitFileType = undefined; fileEncoding = 9; includeInIndex = 0; lastKnownFileType = unknown; name = "Poppins-SemiBold.ttf"; path = "../src/fonts/Poppins-SemiBold.ttf"; sourceTree = "<group>"; };
		DE46B73F0DD1438FBC7A7ED7 /* Roboto-BoldItalic.ttf */ = {isa = PBXFileReference; explicitFileType = undefined; fileEncoding = 9; includeInIndex = 0; lastKnownFileType = unknown; name = "Roboto-BoldItalic.ttf"; path = "../src/fonts/Roboto-BoldItalic.ttf"; sourceTree = "<group>"; };
		DE62CD83DFE143A38E53E87C /* Poppins-Light.ttf */ = {isa = PBXFileReference; explicitFileType = undefined; fileEncoding = 9; includeInIndex = 0; lastKnownFileType = unknown; name = "Poppins-Light.ttf"; path = "../src/fonts/Poppins-Light.ttf"; sourceTree = "<group>"; };
		E15C256ACB3D4A56A4EFF3F5 /* Poppins-BoldItalic.ttf */ = {isa = PBXFileReference; explicitFileType = undefined; fileEncoding = 9; includeInIndex = 0; lastKnownFileType = unknown; name = "Poppins-BoldItalic.ttf"; path = "../src/fonts/ios/Poppins-BoldItalic.ttf"; sourceTree = "<group>"; };
		E4FA0C40F5674B1586573D24 /* Poppins-Italic.ttf */ = {isa = PBXFileReference; explicitFileType = undefined; fileEncoding = 9; includeInIndex = 0; lastKnownFileType = unknown; name = "Poppins-Italic.ttf"; path = "../src/fonts/ios/Poppins-Italic.ttf"; sourceTree = "<group>"; };
		E9379D4A66594A2581193A21 /* Geogrotesque-Regular.ttf */ = {isa = PBXFileReference; explicitFileType = undefined; fileEncoding = 9; includeInIndex = 0; lastKnownFileType = unknown; name = "Geogrotesque-Regular.ttf"; path = "../src/fonts/Geogrotesque-Regular.ttf"; sourceTree = "<group>"; };
		ED193BBB1F3B43BAA41BAA15 /* Poppins-LightItalic.ttf */ = {isa = PBXFileReference; explicitFileType = undefined; fileEncoding = 9; includeInIndex = 0; lastKnownFileType = unknown; name = "Poppins-LightItalic.ttf"; path = "../src/fonts/ios/Poppins-LightItalic.ttf"; sourceTree = "<group>"; };
		ED297162215061F000B7C4FE /* JavaScriptCore.framework */ = {isa = PBXFileReference; lastKnownFileType = wrapper.framework; name = JavaScriptCore.framework; path = System/Library/Frameworks/JavaScriptCore.framework; sourceTree = SDKROOT; };
		ED2971642150620600B7C4FE /* JavaScriptCore.framework */ = {isa = PBXFileReference; lastKnownFileType = wrapper.framework; name = JavaScriptCore.framework; path = Platforms/AppleTVOS.platform/Developer/SDKs/AppleTVOS12.0.sdk/System/Library/Frameworks/JavaScriptCore.framework; sourceTree = DEVELOPER_DIR; };
		EDC050A62787258800A1FDDD /* AppCenter-Config.plist */ = {isa = PBXFileReference; lastKnownFileType = text.plist.xml; name = "AppCenter-Config.plist"; path = "/Users/gabrielmorris/genesis/tigra/packages/client/ios/AppCenter-Config.plist"; sourceTree = "<absolute>"; };
		EEE9C9B0C98C4EB890138075 /* Poppins-Bold.ttf */ = {isa = PBXFileReference; explicitFileType = undefined; fileEncoding = 9; includeInIndex = 0; lastKnownFileType = unknown; name = "Poppins-Bold.ttf"; path = "../src/fonts/Poppins-Bold.ttf"; sourceTree = "<group>"; };
		EF21F59C93744A89ACFA1588 /* Poppins-ExtraLightItalic.ttf */ = {isa = PBXFileReference; explicitFileType = undefined; fileEncoding = 9; includeInIndex = 0; lastKnownFileType = unknown; name = "Poppins-ExtraLightItalic.ttf"; path = "../src/fonts/ios/Poppins-ExtraLightItalic.ttf"; sourceTree = "<group>"; };
		F1BD090A95B14EDEAF5C0FC4 /* Poppins-Italic.ttf */ = {isa = PBXFileReference; explicitFileType = undefined; fileEncoding = 9; includeInIndex = 0; lastKnownFileType = unknown; name = "Poppins-Italic.ttf"; path = "../src/fonts/Poppins-Italic.ttf"; sourceTree = "<group>"; };
		F94C4611679140C8B23767C1 /* Roboto-Light.ttf */ = {isa = PBXFileReference; explicitFileType = undefined; fileEncoding = 9; includeInIndex = 0; lastKnownFileType = unknown; name = "Roboto-Light.ttf"; path = "../src/fonts/Roboto-Light.ttf"; sourceTree = "<group>"; };
		FD0F4C3F77E84262B9A0BB95 /* AvenirLTStd-Roman.otf */ = {isa = PBXFileReference; explicitFileType = undefined; fileEncoding = 9; includeInIndex = 0; lastKnownFileType = unknown; name = "AvenirLTStd-Roman.otf"; path = "../src/fonts/ios/AvenirLTStd-Roman.otf"; sourceTree = "<group>"; };
/* End PBXFileReference section */

/* Begin PBXFrameworksBuildPhase section */
		00E356EB1AD99517003FC87E /* Frameworks */ = {
			isa = PBXFrameworksBuildPhase;
			buildActionMask = 2147483647;
			files = (
				81AB8C23E766301924563302 /* libPods-PMClient-PMClientTests.a in Frameworks */,
			);
			runOnlyForDeploymentPostprocessing = 0;
		};
		13B07F8C1A680F5B00A75B9A /* Frameworks */ = {
			isa = PBXFrameworksBuildPhase;
			buildActionMask = 2147483647;
			files = (
				949F464449F4D956AD8BE125 /* libPods-PMClient.a in Frameworks */,
			);
			runOnlyForDeploymentPostprocessing = 0;
		};
		2D02E4781E0B4A5D006451C7 /* Frameworks */ = {
			isa = PBXFrameworksBuildPhase;
			buildActionMask = 2147483647;
			files = (
				C74C03E35982058DEB0A9C5D /* libPods-PMClient-tvOS.a in Frameworks */,
			);
			runOnlyForDeploymentPostprocessing = 0;
		};
		2D02E48D1E0B4A5D006451C7 /* Frameworks */ = {
			isa = PBXFrameworksBuildPhase;
			buildActionMask = 2147483647;
			files = (
				08C63AD055E26839E5E5F41D /* libPods-PMClient-tvOSTests.a in Frameworks */,
			);
			runOnlyForDeploymentPostprocessing = 0;
		};
/* End PBXFrameworksBuildPhase section */

/* Begin PBXGroup section */
		00E356EF1AD99517003FC87E /* PMClientTests */ = {
			isa = PBXGroup;
			children = (
				00E356F21AD99517003FC87E /* PMClientTests.m */,
				00E356F01AD99517003FC87E /* Supporting Files */,
			);
			path = PMClientTests;
			sourceTree = "<group>";
		};
		00E356F01AD99517003FC87E /* Supporting Files */ = {
			isa = PBXGroup;
			children = (
				00E356F11AD99517003FC87E /* Info.plist */,
			);
			name = "Supporting Files";
			sourceTree = "<group>";
		};
		10A1788C0CCF693D640161A6 /* Pods */ = {
			isa = PBXGroup;
			children = (
				3DE81E2557FB2F7358C2D3C9 /* Pods-PMClient.debug.xcconfig */,
				C65A0E16EE733B2AF65F4C4F /* Pods-PMClient.release.xcconfig */,
				D47E818C631D87695A1B4967 /* Pods-PMClient-PMClientTests.debug.xcconfig */,
				C3323C0BCC1159A507D62DF8 /* Pods-PMClient-PMClientTests.release.xcconfig */,
				79237D7DCF58CFAC1F8E8A7A /* Pods-PMClient-tvOS.debug.xcconfig */,
				84DC46B821EECE2079B4E565 /* Pods-PMClient-tvOS.release.xcconfig */,
				160884F4D88D3F4085AD7479 /* Pods-PMClient-tvOSTests.debug.xcconfig */,
				B149C3E4C7F6AB77FBB1E417 /* Pods-PMClient-tvOSTests.release.xcconfig */,
			);
			path = Pods;
			sourceTree = "<group>";
		};
		128BC980DC1E4FCB94AEE2CC /* Resources */ = {
			isa = PBXGroup;
			children = (
				6CA1529967044240B9F8A7D8 /* Poppins-Black.ttf */,
				46911D6B8A8C40089629CBBD /* Poppins-BlackItalic.ttf */,
				EEE9C9B0C98C4EB890138075 /* Poppins-Bold.ttf */,
				1790F41E74D84DE0BB3A11E4 /* Poppins-BoldItalic.ttf */,
				76B854CC67BB4156AB1548A3 /* Poppins-ExtraBold.ttf */,
				6BA02D60E01A4325A513A8E6 /* Poppins-ExtraBoldItalic.ttf */,
				8B644D8E257A814A00C07D5D /* Geogrotesque-Bold.ttf */,
				8B644D8D257A814A00C07D5D /* Geogrotesque-Medium.ttf */,
				8B644D8C257A814A00C07D5D /* Geogrotesque-Regular.ttf */,
				8B644D8F257A814A00C07D5D /* Geogrotesque-SemiBold.ttf */,
				8754A1EF06B74AB8AC9068DE /* Poppins-ExtraLight.ttf */,
				00076EDB924B4492AA4834DA /* Poppins-ExtraLightItalic.ttf */,
				F1BD090A95B14EDEAF5C0FC4 /* Poppins-Italic.ttf */,
				DE62CD83DFE143A38E53E87C /* Poppins-Light.ttf */,
				C15C83D5E5D548B5A2837279 /* Poppins-LightItalic.ttf */,
				D9A97DAE4E394522A2115E45 /* Poppins-Medium.ttf */,
				BC406B83192D4903BC32EDF0 /* Poppins-MediumItalic.ttf */,
				621563CE17A74C79A6E7D0D3 /* Poppins-Regular.ttf */,
				DC0A574F717A49D59184F6AB /* Poppins-SemiBold.ttf */,
				16785E2BC6A145FFBC88C8F7 /* Poppins-SemiBoldItalic.ttf */,
				457B476C16544A3B96795CB7 /* Poppins-Thin.ttf */,
				AB6BEC67BE5041B180B440B3 /* Poppins-ThinItalic.ttf */,
				119342583DF547C896B66A23 /* AvenirLTStd-Black.otf */,
				49675DCC7A7644938CCD8DFC /* AvenirLTStd-Book.otf */,
				104A38B124B440CEA6C49ECE /* AvenirLTStd-Light.otf */,
				BFFA4F4B2B0D4BFE82EDD568 /* AvenirLTStd-Roman.otf */,
				540AEFDCEA21448097579229 /* Poppins-Black.ttf */,
				791289973A394513A8B68E91 /* Poppins-BlackItalic.ttf */,
				D3418DDD01C448CDBA22B532 /* Poppins-Bold.ttf */,
				E15C256ACB3D4A56A4EFF3F5 /* Poppins-BoldItalic.ttf */,
				107433C7FD8649A0A5AFB11D /* Poppins-ExtraBold.ttf */,
				72804E7D920F45C78B38F71C /* Poppins-ExtraBoldItalic.ttf */,
				B3D846D2C449496E8317A7EA /* Poppins-ExtraLight.ttf */,
				EF21F59C93744A89ACFA1588 /* Poppins-ExtraLightItalic.ttf */,
				E4FA0C40F5674B1586573D24 /* Poppins-Italic.ttf */,
				7E1E393CBB064DF69637F64F /* Poppins-Light.ttf */,
				ED193BBB1F3B43BAA41BAA15 /* Poppins-LightItalic.ttf */,
				134B1167C75843D18FAAC3A1 /* Poppins-Medium.ttf */,
				B85960BB75364C97B34DF8DC /* Poppins-MediumItalic.ttf */,
				5964F61CF5CE41138EAC3894 /* Poppins-Regular.ttf */,
				D358C90A51D341B4BEA9977A /* Poppins-SemiBold.ttf */,
				6AF98AE782ED4EFBA8F09FD7 /* Poppins-SemiBoldItalic.ttf */,
				5DCE6B6E9D4141C8BBC5ABD9 /* Poppins-Thin.ttf */,
				95F3BCC739284F62BD49B7E4 /* Poppins-ThinItalic.ttf */,
				C1835F47EB904988A8B0EDB9 /* Geogrotesque-Bold.ttf */,
				C7DAFF1CEA274CBE834A70F8 /* Geogrotesque-Medium.ttf */,
				E9379D4A66594A2581193A21 /* Geogrotesque-Regular.ttf */,
				B7A5237186804DDB9A80F3EF /* Geogrotesque-SemiBold.ttf */,
				56FB1DC18ACA4F1F94DF15A7 /* Roboto-Black.ttf */,
				D4B6FE38C3F5463AA1B9B5DB /* Roboto-BlackItalic.ttf */,
				90E1DD22D73B4AD5A5FC9A44 /* Roboto-Bold.ttf */,
				DE46B73F0DD1438FBC7A7ED7 /* Roboto-BoldItalic.ttf */,
				5B5C3AA740AD466BB63E14EC /* Roboto-Italic.ttf */,
				F94C4611679140C8B23767C1 /* Roboto-Light.ttf */,
				B7FE9CC0B8E44A1A9130B7AE /* Roboto-LightItalic.ttf */,
				9177B870B7794D4DB16DAE57 /* Roboto-Medium.ttf */,
				65181F71D5DA47C284BE317D /* Roboto-MediumItalic.ttf */,
				9FE521CA00404BBBB72ABB62 /* Roboto-Regular.ttf */,
				3C4804F04BD7494490596C4B /* Roboto-Thin.ttf */,
				30DA2C270E5346EF8AF14B75 /* Roboto-ThinItalic.ttf */,
				0630C41306F2495A9A247332 /* AvenirLTStd-Black.otf */,
				AF5AE602FFBB44EF80325E70 /* AvenirLTStd-Book.otf */,
				82537969CC6843A9BD567EF8 /* AvenirLTStd-Light.otf */,
				FD0F4C3F77E84262B9A0BB95 /* AvenirLTStd-Roman.otf */,
				BE0D0D2BFEDF42B48BC56482 /* Candara.ttf */,
			);
			name = Resources;
			sourceTree = "<group>";
		};
		13B07FAE1A68108700A75B9A /* PMClient */ = {
			isa = PBXGroup;
			children = (
				EDC050A62787258800A1FDDD /* AppCenter-Config.plist */,
				8B422F392416A8680095E4D2 /* GoogleService-Info.plist */,
				8B592B9323E9C40F009455D1 /* PMClient.entitlements */,
				008F07F21AC5B25A0029DE68 /* main.jsbundle */,
				13B07FAF1A68108700A75B9A /* AppDelegate.h */,
				8BFA7D772485367D00499E4F /* File.swift */,
				13B07FB01A68108700A75B9A /* AppDelegate.m */,
				13B07FB51A68108700A75B9A /* Images.xcassets */,
				13B07FB61A68108700A75B9A /* Info.plist */,
				13B07FB11A68108700A75B9A /* LaunchScreen.xib */,
				13B07FB71A68108700A75B9A /* main.m */,
				8BFA7D74248533FB00499E4F /* PMClient-Bridging-Header.h */,
			);
			name = PMClient;
			sourceTree = "<group>";
		};
		2D16E6871FA4F8E400B85C8A /* Frameworks */ = {
			isa = PBXGroup;
			children = (
				ED297162215061F000B7C4FE /* JavaScriptCore.framework */,
				ED2971642150620600B7C4FE /* JavaScriptCore.framework */,
				3606D40C1BF59BC80419F3FF /* libPods-PMClient.a */,
				AD7341105235A98B2C61282F /* libPods-PMClient-PMClientTests.a */,
				2077A6BBD53F7D669163BBE7 /* libPods-PMClient-tvOS.a */,
				5E957FABA75325634EDA454E /* libPods-PMClient-tvOSTests.a */,
			);
			name = Frameworks;
			sourceTree = "<group>";
		};
		832341AE1AAA6A7D00B99B32 /* Libraries */ = {
			isa = PBXGroup;
			children = (
			);
			name = Libraries;
			sourceTree = "<group>";
		};
		83CBB9F61A601CBA00E9B192 = {
			isa = PBXGroup;
			children = (
				8BE094842481511A00DFC465 /* BootSplash.storyboard */,
				8B9EA95523CE41C2005BBFFD /* fonts */,
				13B07FAE1A68108700A75B9A /* PMClient */,
				832341AE1AAA6A7D00B99B32 /* Libraries */,
				00E356EF1AD99517003FC87E /* PMClientTests */,
				83CBBA001A601CBA00E9B192 /* Products */,
				2D16E6871FA4F8E400B85C8A /* Frameworks */,
				128BC980DC1E4FCB94AEE2CC /* Resources */,
				10A1788C0CCF693D640161A6 /* Pods */,
			);
			indentWidth = 2;
			sourceTree = "<group>";
			tabWidth = 2;
			usesTabs = 0;
		};
		83CBBA001A601CBA00E9B192 /* Products */ = {
			isa = PBXGroup;
			children = (
				13B07F961A680F5B00A75B9A /* PMClient.app */,
				00E356EE1AD99517003FC87E /* PMClientTests.xctest */,
				2D02E47B1E0B4A5D006451C7 /* PMClient-tvOS.app */,
				2D02E4901E0B4A5D006451C7 /* PMClient-tvOSTests.xctest */,
			);
			name = Products;
			sourceTree = "<group>";
		};
		8B9EA95523CE41C2005BBFFD /* fonts */ = {
			isa = PBXGroup;
			children = (
				8B644D96257A815B00C07D5D /* Geogrotesque-Bold.ttf */,
				8B644D94257A815A00C07D5D /* Geogrotesque-Medium.ttf */,
				8B644D97257A815B00C07D5D /* Geogrotesque-Regular.ttf */,
				8B644D95257A815B00C07D5D /* Geogrotesque-SemiBold.ttf */,
				8BDEEC7823E1E3BB001A0D9D /* AvenirLTStd-Black.otf */,
				8BDEEC7323E1E3BB001A0D9D /* AvenirLTStd-Book.otf */,
				8BDEEC7023E1E3BB001A0D9D /* AvenirLTStd-Light.otf */,
				8BDEEC7723E1E3BB001A0D9D /* AvenirLTStd-Roman.otf */,
				2C1FCE2229A58368008F60ED /* Candara.ttf */,
				8BDEEC7C23E1E3BB001A0D9D /* Poppins-Black.ttf */,
				8BDEEC7123E1E3BB001A0D9D /* Poppins-BlackItalic.ttf */,
				8BDEEC7223E1E3BB001A0D9D /* Poppins-Bold.ttf */,
				8BDEEC7D23E1E3BB001A0D9D /* Poppins-BoldItalic.ttf */,
				8BDEEC7F23E1E3BB001A0D9D /* Poppins-ExtraBold.ttf */,
				8BDEEC8023E1E3BB001A0D9D /* Poppins-ExtraBoldItalic.ttf */,
				8BDEEC6F23E1E3BB001A0D9D /* Poppins-ExtraLight.ttf */,
				8BDEEC8323E1E3BB001A0D9D /* Poppins-ExtraLightItalic.ttf */,
				8BDEEC7B23E1E3BB001A0D9D /* Poppins-Italic.ttf */,
				8BDEEC8123E1E3BB001A0D9D /* Poppins-Light.ttf */,
				8BDEEC7423E1E3BB001A0D9D /* Poppins-LightItalic.ttf */,
				8BDEEC7523E1E3BB001A0D9D /* Poppins-Medium.ttf */,
				8BDEEC8423E1E3BB001A0D9D /* Poppins-MediumItalic.ttf */,
				8BDEEC7E23E1E3BB001A0D9D /* Poppins-Regular.ttf */,
				8BDEEC7923E1E3BB001A0D9D /* Poppins-SemiBold.ttf */,
				8BDEEC7623E1E3BB001A0D9D /* Poppins-SemiBoldItalic.ttf */,
				8BDEEC8223E1E3BB001A0D9D /* Poppins-Thin.ttf */,
				8BDEEC7A23E1E3BB001A0D9D /* Poppins-ThinItalic.ttf */,
			);
			path = fonts;
			sourceTree = "<group>";
		};
/* End PBXGroup section */

/* Begin PBXNativeTarget section */
		00E356ED1AD99517003FC87E /* PMClientTests */ = {
			isa = PBXNativeTarget;
			buildConfigurationList = 00E357021AD99517003FC87E /* Build configuration list for PBXNativeTarget "PMClientTests" */;
			buildPhases = (
				0D01AAD8FDD4BF23907FFE11 /* [CP] Check Pods Manifest.lock */,
				00E356EA1AD99517003FC87E /* Sources */,
				00E356EB1AD99517003FC87E /* Frameworks */,
				00E356EC1AD99517003FC87E /* Resources */,
				88E24092E682BDD213C6F31C /* [CP] Embed Pods Frameworks */,
			);
			buildRules = (
			);
			dependencies = (
				00E356F51AD99517003FC87E /* PBXTargetDependency */,
			);
			name = PMClientTests;
			productName = PMClientTests;
			productReference = 00E356EE1AD99517003FC87E /* PMClientTests.xctest */;
			productType = "com.apple.product-type.bundle.unit-test";
		};
		13B07F861A680F5B00A75B9A /* PMClient */ = {
			isa = PBXNativeTarget;
			buildConfigurationList = 13B07F931A680F5B00A75B9A /* Build configuration list for PBXNativeTarget "PMClient" */;
			buildPhases = (
				2041A933612CBC004093C268 /* [CP] Check Pods Manifest.lock */,
				FD10A7F022414F080027D42C /* Start Packager */,
				13B07F871A680F5B00A75B9A /* Sources */,
				13B07F8C1A680F5B00A75B9A /* Frameworks */,
				13B07F8E1A680F5B00A75B9A /* Resources */,
				00DD1BFF1BD5951E006B06BC /* Bundle React Native code and images */,
				2A91E30ED30D40021E96B014 /* [CP] Embed Pods Frameworks */,
			);
			buildRules = (
			);
			dependencies = (
			);
			name = PMClient;
			productName = PMClient;
			productReference = 13B07F961A680F5B00A75B9A /* PMClient.app */;
			productType = "com.apple.product-type.application";
		};
		2D02E47A1E0B4A5D006451C7 /* PMClient-tvOS */ = {
			isa = PBXNativeTarget;
			buildConfigurationList = 2D02E4BA1E0B4A5E006451C7 /* Build configuration list for PBXNativeTarget "PMClient-tvOS" */;
			buildPhases = (
				1C6004202EB06DBD9BF368FF /* [CP] Check Pods Manifest.lock */,
				FD10A7F122414F3F0027D42C /* Start Packager */,
				2D02E4771E0B4A5D006451C7 /* Sources */,
				2D02E4781E0B4A5D006451C7 /* Frameworks */,
				2D02E4791E0B4A5D006451C7 /* Resources */,
				2D02E4CB1E0B4B27006451C7 /* Bundle React Native Code And Images */,
			);
			buildRules = (
			);
			dependencies = (
			);
			name = "PMClient-tvOS";
			productName = "PMClient-tvOS";
			productReference = 2D02E47B1E0B4A5D006451C7 /* PMClient-tvOS.app */;
			productType = "com.apple.product-type.application";
		};
		2D02E48F1E0B4A5D006451C7 /* PMClient-tvOSTests */ = {
			isa = PBXNativeTarget;
			buildConfigurationList = 2D02E4BB1E0B4A5E006451C7 /* Build configuration list for PBXNativeTarget "PMClient-tvOSTests" */;
			buildPhases = (
				14972CC27DE9C1D327DBE1DF /* [CP] Check Pods Manifest.lock */,
				2D02E48C1E0B4A5D006451C7 /* Sources */,
				2D02E48D1E0B4A5D006451C7 /* Frameworks */,
				2D02E48E1E0B4A5D006451C7 /* Resources */,
			);
			buildRules = (
			);
			dependencies = (
				2D02E4921E0B4A5D006451C7 /* PBXTargetDependency */,
			);
			name = "PMClient-tvOSTests";
			productName = "PMClient-tvOSTests";
			productReference = 2D02E4901E0B4A5D006451C7 /* PMClient-tvOSTests.xctest */;
			productType = "com.apple.product-type.bundle.unit-test";
		};
/* End PBXNativeTarget section */

/* Begin PBXProject section */
		83CBB9F71A601CBA00E9B192 /* Project object */ = {
			isa = PBXProject;
			attributes = {
				LastUpgradeCheck = 1150;
				ORGANIZATIONNAME = "";
				TargetAttributes = {
					00E356ED1AD99517003FC87E = {
						CreatedOnToolsVersion = 6.2;
						DevelopmentTeam = DYZK2X8RJR;
						ProvisioningStyle = Manual;
						TestTargetID = 13B07F861A680F5B00A75B9A;
					};
					13B07F861A680F5B00A75B9A = {
						DevelopmentTeam = DYZK2X8RJR;
						LastSwiftMigration = 1150;
						ProvisioningStyle = Manual;
					};
					2D02E47A1E0B4A5D006451C7 = {
						CreatedOnToolsVersion = 8.2.1;
						DevelopmentTeam = DYZK2X8RJR;
						ProvisioningStyle = Automatic;
					};
					2D02E48F1E0B4A5D006451C7 = {
						CreatedOnToolsVersion = 8.2.1;
						DevelopmentTeam = DYZK2X8RJR;
						ProvisioningStyle = Automatic;
						TestTargetID = 2D02E47A1E0B4A5D006451C7;
					};
				};
			};
			buildConfigurationList = 83CBB9FA1A601CBA00E9B192 /* Build configuration list for PBXProject "PMClient" */;
			compatibilityVersion = "Xcode 3.2";
			developmentRegion = en;
			hasScannedForEncodings = 0;
			knownRegions = (
				en,
				Base,
			);
			mainGroup = 83CBB9F61A601CBA00E9B192;
			productRefGroup = 83CBBA001A601CBA00E9B192 /* Products */;
			projectDirPath = "";
			projectRoot = "";
			targets = (
				13B07F861A680F5B00A75B9A /* PMClient */,
				00E356ED1AD99517003FC87E /* PMClientTests */,
				2D02E47A1E0B4A5D006451C7 /* PMClient-tvOS */,
				2D02E48F1E0B4A5D006451C7 /* PMClient-tvOSTests */,
			);
		};
/* End PBXProject section */

/* Begin PBXResourcesBuildPhase section */
		00E356EC1AD99517003FC87E /* Resources */ = {
			isa = PBXResourcesBuildPhase;
			buildActionMask = 2147483647;
			files = (
			);
			runOnlyForDeploymentPostprocessing = 0;
		};
		13B07F8E1A680F5B00A75B9A /* Resources */ = {
			isa = PBXResourcesBuildPhase;
			buildActionMask = 2147483647;
			files = (
				8BDEEC9223E1E3BB001A0D9D /* Poppins-Black.ttf in Resources */,
				8BDEEC9A23E1E3BB001A0D9D /* Poppins-MediumItalic.ttf in Resources */,
				8B422F3A2416A8680095E4D2 /* GoogleService-Info.plist in Resources */,
				8BDEEC8523E1E3BB001A0D9D /* Poppins-ExtraLight.ttf in Resources */,
				8BDEEC9423E1E3BB001A0D9D /* Poppins-Regular.ttf in Resources */,
				8BDEEC9623E1E3BB001A0D9D /* Poppins-ExtraBoldItalic.ttf in Resources */,
				8BDEEC8623E1E3BB001A0D9D /* AvenirLTStd-Light.otf in Resources */,
				8BDEEC9123E1E3BB001A0D9D /* Poppins-Italic.ttf in Resources */,
				8BDEEC9723E1E3BB001A0D9D /* Poppins-Light.ttf in Resources */,
				8BDEEC8D23E1E3BB001A0D9D /* AvenirLTStd-Roman.otf in Resources */,
				8BDEEC9823E1E3BB001A0D9D /* Poppins-Thin.ttf in Resources */,
				8BDEEC8F23E1E3BB001A0D9D /* Poppins-SemiBold.ttf in Resources */,
				8BDEEC8723E1E3BB001A0D9D /* Poppins-BlackItalic.ttf in Resources */,
				8BDEEC9323E1E3BB001A0D9D /* Poppins-BoldItalic.ttf in Resources */,
				8BDEEC9523E1E3BB001A0D9D /* Poppins-ExtraBold.ttf in Resources */,
				8BDEEC8923E1E3BB001A0D9D /* AvenirLTStd-Book.otf in Resources */,
				8BDEEC8C23E1E3BB001A0D9D /* Poppins-SemiBoldItalic.ttf in Resources */,
				8B644D98257A815B00C07D5D /* Geogrotesque-Medium.ttf in Resources */,
				8BDEEC9923E1E3BB001A0D9D /* Poppins-ExtraLightItalic.ttf in Resources */,
				13B07FBF1A68108700A75B9A /* Images.xcassets in Resources */,
				8BDEEC8B23E1E3BB001A0D9D /* Poppins-Medium.ttf in Resources */,
				13B07FBD1A68108700A75B9A /* LaunchScreen.xib in Resources */,
				8BE094852481511A00DFC465 /* BootSplash.storyboard in Resources */,
				8BDEEC8E23E1E3BB001A0D9D /* AvenirLTStd-Black.otf in Resources */,
				8BDEEC8A23E1E3BB001A0D9D /* Poppins-LightItalic.ttf in Resources */,
				16F92F521D684534BD6A94AA /* Poppins-SemiBoldItalic.ttf in Resources */,
				1B5A6E4FBA3B4A8CAFF9A9BF /* Poppins-Thin.ttf in Resources */,
				80F03CC37F6E44D9ABC1E00C /* Poppins-ThinItalic.ttf in Resources */,
				8B644D9A257A815B00C07D5D /* Geogrotesque-Bold.ttf in Resources */,
				6B171CDC897C417D9DB7D354 /* Geogrotesque-Regular.ttf in Resources */,
				18CA35E92A0047B59A3E9CCA /* Geogrotesque-SemiBold.ttf in Resources */,
				900109C1CE934B57A8B215F0 /* Roboto-Black.ttf in Resources */,
				B4A5781711BB4540B849428F /* Roboto-BlackItalic.ttf in Resources */,
				9932E60BC1BF48EFB0C00401 /* Roboto-Bold.ttf in Resources */,
				1D47ECD8053B447EBF806930 /* Roboto-BoldItalic.ttf in Resources */,
				3DE54CC162B147A1A9B7B0B2 /* Roboto-Italic.ttf in Resources */,
				706678D01C824AC68B9F1C19 /* Roboto-Light.ttf in Resources */,
				8631BB1193BA45E8A36001E4 /* Roboto-LightItalic.ttf in Resources */,
				7DE11B88F07D44389AF4D90D /* Roboto-Medium.ttf in Resources */,
				73DAFE5AD1F4409B9FBA4201 /* Roboto-MediumItalic.ttf in Resources */,
				14BBDD097D6B46C5AF06C2E4 /* Roboto-Regular.ttf in Resources */,
				A280D48EA2AA4062964E0801 /* Roboto-Thin.ttf in Resources */,
				19D6110781794F8392F2DC94 /* Roboto-ThinItalic.ttf in Resources */,
				BC75C210D5034CE5979ED062 /* AvenirLTStd-Black.otf in Resources */,
				327350645EDC41DD8B334818 /* AvenirLTStd-Book.otf in Resources */,
				E296731646AF412FB19C5D12 /* AvenirLTStd-Light.otf in Resources */,
				90AA510053804BA29840E548 /* AvenirLTStd-Roman.otf in Resources */,
				648FD72CB3374482A4A89CDC /* Candara.ttf in Resources */,
			);
			runOnlyForDeploymentPostprocessing = 0;
		};
		2D02E4791E0B4A5D006451C7 /* Resources */ = {
			isa = PBXResourcesBuildPhase;
			buildActionMask = 2147483647;
			files = (
				2D02E4BD1E0B4A84006451C7 /* Images.xcassets in Resources */,
				8BE094862481511A00DFC465 /* BootSplash.storyboard in Resources */,
			);
			runOnlyForDeploymentPostprocessing = 0;
		};
		2D02E48E1E0B4A5D006451C7 /* Resources */ = {
			isa = PBXResourcesBuildPhase;
			buildActionMask = 2147483647;
			files = (
			);
			runOnlyForDeploymentPostprocessing = 0;
		};
/* End PBXResourcesBuildPhase section */

/* Begin PBXShellScriptBuildPhase section */
		00DD1BFF1BD5951E006B06BC /* Bundle React Native code and images */ = {
			isa = PBXShellScriptBuildPhase;
			buildActionMask = 2147483647;
			files = (
			);
			inputPaths = (
			);
			name = "Bundle React Native code and images";
			outputPaths = (
			);
			runOnlyForDeploymentPostprocessing = 0;
			shellPath = /bin/sh;
			shellScript = "cd $PROJECT_DIR/..\nexport NODE_BINARY=node\n./node_modules/react-native/scripts/react-native-xcode.sh\n";
		};
		0D01AAD8FDD4BF23907FFE11 /* [CP] Check Pods Manifest.lock */ = {
			isa = PBXShellScriptBuildPhase;
			buildActionMask = 2147483647;
			files = (
			);
			inputFileListPaths = (
			);
			inputPaths = (
				"${PODS_PODFILE_DIR_PATH}/Podfile.lock",
				"${PODS_ROOT}/Manifest.lock",
			);
			name = "[CP] Check Pods Manifest.lock";
			outputFileListPaths = (
			);
			outputPaths = (
				"$(DERIVED_FILE_DIR)/Pods-PMClient-PMClientTests-checkManifestLockResult.txt",
			);
			runOnlyForDeploymentPostprocessing = 0;
			shellPath = /bin/sh;
			shellScript = "diff \"${PODS_PODFILE_DIR_PATH}/Podfile.lock\" \"${PODS_ROOT}/Manifest.lock\" > /dev/null\nif [ $? != 0 ] ; then\n    # print error to STDERR\n    echo \"error: The sandbox is not in sync with the Podfile.lock. Run 'pod install' or update your CocoaPods installation.\" >&2\n    exit 1\nfi\n# This output is used by Xcode 'outputs' to avoid re-running this script phase.\necho \"SUCCESS\" > \"${SCRIPT_OUTPUT_FILE_0}\"\n";
			showEnvVarsInLog = 0;
		};
		14972CC27DE9C1D327DBE1DF /* [CP] Check Pods Manifest.lock */ = {
			isa = PBXShellScriptBuildPhase;
			buildActionMask = 2147483647;
			files = (
			);
			inputFileListPaths = (
			);
			inputPaths = (
				"${PODS_PODFILE_DIR_PATH}/Podfile.lock",
				"${PODS_ROOT}/Manifest.lock",
			);
			name = "[CP] Check Pods Manifest.lock";
			outputFileListPaths = (
			);
			outputPaths = (
				"$(DERIVED_FILE_DIR)/Pods-PMClient-tvOSTests-checkManifestLockResult.txt",
			);
			runOnlyForDeploymentPostprocessing = 0;
			shellPath = /bin/sh;
			shellScript = "diff \"${PODS_PODFILE_DIR_PATH}/Podfile.lock\" \"${PODS_ROOT}/Manifest.lock\" > /dev/null\nif [ $? != 0 ] ; then\n    # print error to STDERR\n    echo \"error: The sandbox is not in sync with the Podfile.lock. Run 'pod install' or update your CocoaPods installation.\" >&2\n    exit 1\nfi\n# This output is used by Xcode 'outputs' to avoid re-running this script phase.\necho \"SUCCESS\" > \"${SCRIPT_OUTPUT_FILE_0}\"\n";
			showEnvVarsInLog = 0;
		};
		1C6004202EB06DBD9BF368FF /* [CP] Check Pods Manifest.lock */ = {
			isa = PBXShellScriptBuildPhase;
			buildActionMask = 2147483647;
			files = (
			);
			inputFileListPaths = (
			);
			inputPaths = (
				"${PODS_PODFILE_DIR_PATH}/Podfile.lock",
				"${PODS_ROOT}/Manifest.lock",
			);
			name = "[CP] Check Pods Manifest.lock";
			outputFileListPaths = (
			);
			outputPaths = (
				"$(DERIVED_FILE_DIR)/Pods-PMClient-tvOS-checkManifestLockResult.txt",
			);
			runOnlyForDeploymentPostprocessing = 0;
			shellPath = /bin/sh;
			shellScript = "diff \"${PODS_PODFILE_DIR_PATH}/Podfile.lock\" \"${PODS_ROOT}/Manifest.lock\" > /dev/null\nif [ $? != 0 ] ; then\n    # print error to STDERR\n    echo \"error: The sandbox is not in sync with the Podfile.lock. Run 'pod install' or update your CocoaPods installation.\" >&2\n    exit 1\nfi\n# This output is used by Xcode 'outputs' to avoid re-running this script phase.\necho \"SUCCESS\" > \"${SCRIPT_OUTPUT_FILE_0}\"\n";
			showEnvVarsInLog = 0;
		};
		2041A933612CBC004093C268 /* [CP] Check Pods Manifest.lock */ = {
			isa = PBXShellScriptBuildPhase;
			buildActionMask = 2147483647;
			files = (
			);
			inputFileListPaths = (
			);
			inputPaths = (
				"${PODS_PODFILE_DIR_PATH}/Podfile.lock",
				"${PODS_ROOT}/Manifest.lock",
			);
			name = "[CP] Check Pods Manifest.lock";
			outputFileListPaths = (
			);
			outputPaths = (
				"$(DERIVED_FILE_DIR)/Pods-PMClient-checkManifestLockResult.txt",
			);
			runOnlyForDeploymentPostprocessing = 0;
			shellPath = /bin/sh;
			shellScript = "diff \"${PODS_PODFILE_DIR_PATH}/Podfile.lock\" \"${PODS_ROOT}/Manifest.lock\" > /dev/null\nif [ $? != 0 ] ; then\n    # print error to STDERR\n    echo \"error: The sandbox is not in sync with the Podfile.lock. Run 'pod install' or update your CocoaPods installation.\" >&2\n    exit 1\nfi\n# This output is used by Xcode 'outputs' to avoid re-running this script phase.\necho \"SUCCESS\" > \"${SCRIPT_OUTPUT_FILE_0}\"\n";
			showEnvVarsInLog = 0;
		};
		2A91E30ED30D40021E96B014 /* [CP] Embed Pods Frameworks */ = {
			isa = PBXShellScriptBuildPhase;
			buildActionMask = 2147483647;
			files = (
			);
			inputPaths = (
				"${PODS_ROOT}/Target Support Files/Pods-PMClient/Pods-PMClient-frameworks.sh",
				"${PODS_XCFRAMEWORKS_BUILD_DIR}/OpenSSL-Universal/OpenSSL.framework/OpenSSL",
			);
			name = "[CP] Embed Pods Frameworks";
			outputPaths = (
				"${TARGET_BUILD_DIR}/${FRAMEWORKS_FOLDER_PATH}/OpenSSL.framework",
			);
			runOnlyForDeploymentPostprocessing = 0;
			shellPath = /bin/sh;
			shellScript = "\"${PODS_ROOT}/Target Support Files/Pods-PMClient/Pods-PMClient-frameworks.sh\"\n";
			showEnvVarsInLog = 0;
		};
		2D02E4CB1E0B4B27006451C7 /* Bundle React Native Code And Images */ = {
			isa = PBXShellScriptBuildPhase;
			buildActionMask = 2147483647;
			files = (
			);
			inputPaths = (
			);
			name = "Bundle React Native Code And Images";
			outputPaths = (
			);
			runOnlyForDeploymentPostprocessing = 0;
			shellPath = /bin/sh;
			shellScript = "export NODE_BINARY=node\n../node_modules/react-native/scripts/react-native-xcode.sh";
		};
		88E24092E682BDD213C6F31C /* [CP] Embed Pods Frameworks */ = {
			isa = PBXShellScriptBuildPhase;
			buildActionMask = 2147483647;
			files = (
			);
			inputPaths = (
				"${PODS_ROOT}/Target Support Files/Pods-PMClient-PMClientTests/Pods-PMClient-PMClientTests-frameworks.sh",
				"${PODS_XCFRAMEWORKS_BUILD_DIR}/OpenSSL-Universal/OpenSSL.framework/OpenSSL",
			);
			name = "[CP] Embed Pods Frameworks";
			outputPaths = (
				"${TARGET_BUILD_DIR}/${FRAMEWORKS_FOLDER_PATH}/OpenSSL.framework",
			);
			runOnlyForDeploymentPostprocessing = 0;
			shellPath = /bin/sh;
			shellScript = "\"${PODS_ROOT}/Target Support Files/Pods-PMClient-PMClientTests/Pods-PMClient-PMClientTests-frameworks.sh\"\n";
			showEnvVarsInLog = 0;
		};
		FD10A7F022414F080027D42C /* Start Packager */ = {
			isa = PBXShellScriptBuildPhase;
			buildActionMask = 2147483647;
			files = (
			);
			inputFileListPaths = (
			);
			inputPaths = (
			);
			name = "Start Packager";
			outputFileListPaths = (
			);
			outputPaths = (
			);
			runOnlyForDeploymentPostprocessing = 0;
			shellPath = /bin/sh;
			shellScript = "export RCT_METRO_PORT=\"${RCT_METRO_PORT:=8081}\"\necho \"export RCT_METRO_PORT=${RCT_METRO_PORT}\" > \"${SRCROOT}/../node_modules/react-native/scripts/.packager.env\"\nif [ -z \"${RCT_NO_LAUNCH_PACKAGER+xxx}\" ] ; then\n  if nc -w 5 -z localhost ${RCT_METRO_PORT} ; then\n    if ! curl -s \"http://localhost:${RCT_METRO_PORT}/status\" | grep -q \"packager-status:running\" ; then\n      echo \"Port ${RCT_METRO_PORT} already in use, packager is either not running or not running correctly\"\n      exit 2\n    fi\n  else\n    open \"$SRCROOT/../node_modules/react-native/scripts/launchPackager.command\" || echo \"Can't start packager automatically\"\n  fi\nfi\n";
			showEnvVarsInLog = 0;
		};
		FD10A7F122414F3F0027D42C /* Start Packager */ = {
			isa = PBXShellScriptBuildPhase;
			buildActionMask = 2147483647;
			files = (
			);
			inputFileListPaths = (
			);
			inputPaths = (
			);
			name = "Start Packager";
			outputFileListPaths = (
			);
			outputPaths = (
			);
			runOnlyForDeploymentPostprocessing = 0;
			shellPath = /bin/sh;
			shellScript = "export RCT_METRO_PORT=\"${RCT_METRO_PORT:=8081}\"\necho \"export RCT_METRO_PORT=${RCT_METRO_PORT}\" > \"${SRCROOT}/../node_modules/react-native/scripts/.packager.env\"\nif [ -z \"${RCT_NO_LAUNCH_PACKAGER+xxx}\" ] ; then\n  if nc -w 5 -z localhost ${RCT_METRO_PORT} ; then\n    if ! curl -s \"http://localhost:${RCT_METRO_PORT}/status\" | grep -q \"packager-status:running\" ; then\n      echo \"Port ${RCT_METRO_PORT} already in use, packager is either not running or not running correctly\"\n      exit 2\n    fi\n  else\n    open \"$SRCROOT/../node_modules/react-native/scripts/launchPackager.command\" || echo \"Can't start packager automatically\"\n  fi\nfi\n";
			showEnvVarsInLog = 0;
		};
/* End PBXShellScriptBuildPhase section */

/* Begin PBXSourcesBuildPhase section */
		00E356EA1AD99517003FC87E /* Sources */ = {
			isa = PBXSourcesBuildPhase;
			buildActionMask = 2147483647;
			files = (
				00E356F31AD99517003FC87E /* PMClientTests.m in Sources */,
			);
			runOnlyForDeploymentPostprocessing = 0;
		};
		13B07F871A680F5B00A75B9A /* Sources */ = {
			isa = PBXSourcesBuildPhase;
			buildActionMask = 2147483647;
			files = (
				13B07FBC1A68108700A75B9A /* AppDelegate.m in Sources */,
				8BFA7D782485367D00499E4F /* File.swift in Sources */,
				13B07FC11A68108700A75B9A /* main.m in Sources */,
			);
			runOnlyForDeploymentPostprocessing = 0;
		};
		2D02E4771E0B4A5D006451C7 /* Sources */ = {
			isa = PBXSourcesBuildPhase;
			buildActionMask = 2147483647;
			files = (
				2D02E4BF1E0B4AB3006451C7 /* main.m in Sources */,
				2D02E4BC1E0B4A80006451C7 /* AppDelegate.m in Sources */,
			);
			runOnlyForDeploymentPostprocessing = 0;
		};
		2D02E48C1E0B4A5D006451C7 /* Sources */ = {
			isa = PBXSourcesBuildPhase;
			buildActionMask = 2147483647;
			files = (
				2DCD954D1E0B4F2C00145EB5 /* PMClientTests.m in Sources */,
			);
			runOnlyForDeploymentPostprocessing = 0;
		};
/* End PBXSourcesBuildPhase section */

/* Begin PBXTargetDependency section */
		00E356F51AD99517003FC87E /* PBXTargetDependency */ = {
			isa = PBXTargetDependency;
			target = 13B07F861A680F5B00A75B9A /* PMClient */;
			targetProxy = 00E356F41AD99517003FC87E /* PBXContainerItemProxy */;
		};
		2D02E4921E0B4A5D006451C7 /* PBXTargetDependency */ = {
			isa = PBXTargetDependency;
			target = 2D02E47A1E0B4A5D006451C7 /* PMClient-tvOS */;
			targetProxy = 2D02E4911E0B4A5D006451C7 /* PBXContainerItemProxy */;
		};
/* End PBXTargetDependency section */

/* Begin PBXVariantGroup section */
		13B07FB11A68108700A75B9A /* LaunchScreen.xib */ = {
			isa = PBXVariantGroup;
			children = (
				13B07FB21A68108700A75B9A /* Base */,
			);
			name = LaunchScreen.xib;
			path = PMClient;
			sourceTree = "<group>";
		};
/* End PBXVariantGroup section */

/* Begin XCBuildConfiguration section */
		00E356F61AD99517003FC87E /* Debug */ = {
			isa = XCBuildConfiguration;
			baseConfigurationReference = D47E818C631D87695A1B4967 /* Pods-PMClient-PMClientTests.debug.xcconfig */;
			buildSettings = {
				ALWAYS_EMBED_SWIFT_STANDARD_LIBRARIES = YES;
				BUNDLE_LOADER = "$(TEST_HOST)";
				CODE_SIGN_STYLE = Manual;
				DEVELOPMENT_TEAM = DYZK2X8RJR;
				GCC_PREPROCESSOR_DEFINITIONS = (
					"DEBUG=1",
					"$(inherited)",
				);
				INFOPLIST_FILE = PMClientTests/Info.plist;
				IPHONEOS_DEPLOYMENT_TARGET = 9.0;
				LD_RUNPATH_SEARCH_PATHS = "$(inherited) @executable_path/Frameworks @loader_path/Frameworks";
				OTHER_LDFLAGS = (
					"-ObjC",
					"-lc++",
					"$(inherited)",
				);
				PRODUCT_BUNDLE_IDENTIFIER = "org.reactjs.native.example.$(PRODUCT_NAME:rfc1034identifier)";
				PRODUCT_NAME = "$(TARGET_NAME)";
				PROVISIONING_PROFILE_SPECIFIER = "";
				"PROVISIONING_PROFILE_SPECIFIER[sdk=macosx*]" = "";
				TEST_HOST = "$(BUILT_PRODUCTS_DIR)/PMClient.app/PMClient";
			};
			name = Debug;
		};
		00E356F71AD99517003FC87E /* Release */ = {
			isa = XCBuildConfiguration;
			baseConfigurationReference = C3323C0BCC1159A507D62DF8 /* Pods-PMClient-PMClientTests.release.xcconfig */;
			buildSettings = {
				ALWAYS_EMBED_SWIFT_STANDARD_LIBRARIES = YES;
				BUNDLE_LOADER = "$(TEST_HOST)";
				COPY_PHASE_STRIP = NO;
				DEVELOPMENT_TEAM = DYZK2X8RJR;
				INFOPLIST_FILE = PMClientTests/Info.plist;
				IPHONEOS_DEPLOYMENT_TARGET = 9.0;
				LD_RUNPATH_SEARCH_PATHS = "$(inherited) @executable_path/Frameworks @loader_path/Frameworks";
				OTHER_LDFLAGS = (
					"-ObjC",
					"-lc++",
					"$(inherited)",
				);
				PRODUCT_BUNDLE_IDENTIFIER = "org.reactjs.native.example.$(PRODUCT_NAME:rfc1034identifier)";
				PRODUCT_NAME = "$(TARGET_NAME)";
				PROVISIONING_PROFILE = "2b24e3dd-688d-4c10-b4a5-55611d7c02b9";
				PROVISIONING_PROFILE_SPECIFIER = tigra;
				TEST_HOST = "$(BUILT_PRODUCTS_DIR)/PMClient.app/PMClient";
			};
			name = Release;
		};
		13B07F941A680F5B00A75B9A /* Debug */ = {
			isa = XCBuildConfiguration;
			baseConfigurationReference = 3DE81E2557FB2F7358C2D3C9 /* Pods-PMClient.debug.xcconfig */;
			buildSettings = {
				ALWAYS_EMBED_SWIFT_STANDARD_LIBRARIES = YES;
				ASSETCATALOG_COMPILER_APPICON_NAME = AppIcon;
				CLANG_ENABLE_MODULES = YES;
				CODE_SIGN_ENTITLEMENTS = PMClient/PMClient.entitlements;
				CODE_SIGN_IDENTITY = "Apple Development";
				CODE_SIGN_STYLE = Manual;
				CURRENT_PROJECT_VERSION = 249;
				DEAD_CODE_STRIPPING = YES;
				DEVELOPMENT_TEAM = DYZK2X8RJR;
				HEADER_SEARCH_PATHS = (
					"$(inherited)",
					"\"${PODS_ROOT}/Headers/Public\"",
					"\"${PODS_ROOT}/Headers/Public/BVLinearGradient\"",
					"\"${PODS_ROOT}/Headers/Public/DoubleConversion\"",
					"\"${PODS_ROOT}/Headers/Public/FBLazyVector\"",
					"\"${PODS_ROOT}/Headers/Public/FBReactNativeSpec\"",
					"\"${PODS_ROOT}/Headers/Public/RCTRequired\"",
					"\"${PODS_ROOT}/Headers/Public/RCTTypeSafety\"",
					"\"${PODS_ROOT}/Headers/Public/RNCAsyncStorage\"",
					"\"${PODS_ROOT}/Headers/Public/RNCMaskedView\"",
					"\"${PODS_ROOT}/Headers/Public/RNGestureHandler\"",
					"\"${PODS_ROOT}/Headers/Public/RNReanimated\"",
					"\"${PODS_ROOT}/Headers/Public/RNSVG\"",
					"\"${PODS_ROOT}/Headers/Public/RNScreens\"",
					"\"${PODS_ROOT}/Headers/Public/React-Core\"",
					"\"${PODS_ROOT}/Headers/Public/React-RCTBlob\"",
					"\"${PODS_ROOT}/Headers/Public/React-RCTText\"",
					"\"${PODS_ROOT}/Headers/Public/React-cxxreact\"",
					"\"${PODS_ROOT}/Headers/Public/React-jsi\"",
					"\"${PODS_ROOT}/Headers/Public/React-jsiexecutor\"",
					"\"${PODS_ROOT}/Headers/Public/React-jsinspector\"",
					"\"${PODS_ROOT}/Headers/Public/ReactCommon\"",
					"\"${PODS_ROOT}/Headers/Public/Toast\"",
					"\"${PODS_ROOT}/Headers/Public/Yoga\"",
					"\"${PODS_ROOT}/Headers/Public/glog\"",
					"\"${PODS_ROOT}/Headers/Public/react-native-blur\"",
					"\"${PODS_ROOT}/Headers/Public/react-native-image-picker\"",
					"\"${PODS_ROOT}/Headers/Public/react-native-safe-area-context\"",
					"\"${PODS_ROOT}/Headers/Public/react-native-splash-screen\"",
					"\"${PODS_ROOT}/Headers/Public/react-native-viewpager\"",
					"\"$(PODS_ROOT)/Headers/Private/React-Core\"",
					"$(SRCROOT)/../node_modules/react-native/Libraries/LinkingIOS",
				);
				INFOPLIST_FILE = PMClient/Info.plist;
				LD_RUNPATH_SEARCH_PATHS = "$(inherited) @executable_path/Frameworks";
				MARKETING_VERSION = 1.81;
				OTHER_LDFLAGS = (
					"$(inherited)",
					"-ObjC",
					"-lc++",
				);
				PRODUCT_BUNDLE_IDENTIFIER = com.tigra.tigra;
				PRODUCT_NAME = PMClient;
				PROVISIONING_PROFILE_SPECIFIER = "match AppStore com.tigra.tigra";
				SWIFT_OBJC_BRIDGING_HEADER = "PMClient-Bridging-Header.h";
				SWIFT_OPTIMIZATION_LEVEL = "-Onone";
				SWIFT_VERSION = 5.0;
				VERSIONING_SYSTEM = "apple-generic";
			};
			name = Debug;
		};
		13B07F951A680F5B00A75B9A /* Release */ = {
			isa = XCBuildConfiguration;
			baseConfigurationReference = C65A0E16EE733B2AF65F4C4F /* Pods-PMClient.release.xcconfig */;
			buildSettings = {
				ALWAYS_EMBED_SWIFT_STANDARD_LIBRARIES = YES;
				ASSETCATALOG_COMPILER_APPICON_NAME = AppIcon;
				CLANG_ENABLE_MODULES = YES;
				CODE_SIGN_ENTITLEMENTS = PMClient/PMClient.entitlements;
				CODE_SIGN_IDENTITY = "Apple Distribution";
				"CODE_SIGN_IDENTITY[sdk=iphoneos*]" = "Apple Distribution";
				CODE_SIGN_STYLE = Manual;
				CURRENT_PROJECT_VERSION = 249;
				DEVELOPMENT_TEAM = DYZK2X8RJR;
				HEADER_SEARCH_PATHS = (
					"$(inherited)",
					"\"${PODS_ROOT}/Headers/Public\"",
					"\"${PODS_ROOT}/Headers/Public/BVLinearGradient\"",
					"\"${PODS_ROOT}/Headers/Public/DoubleConversion\"",
					"\"${PODS_ROOT}/Headers/Public/FBLazyVector\"",
					"\"${PODS_ROOT}/Headers/Public/FBReactNativeSpec\"",
					"\"${PODS_ROOT}/Headers/Public/RCTRequired\"",
					"\"${PODS_ROOT}/Headers/Public/RCTTypeSafety\"",
					"\"${PODS_ROOT}/Headers/Public/RNCAsyncStorage\"",
					"\"${PODS_ROOT}/Headers/Public/RNCMaskedView\"",
					"\"${PODS_ROOT}/Headers/Public/RNGestureHandler\"",
					"\"${PODS_ROOT}/Headers/Public/RNReanimated\"",
					"\"${PODS_ROOT}/Headers/Public/RNSVG\"",
					"\"${PODS_ROOT}/Headers/Public/RNScreens\"",
					"\"${PODS_ROOT}/Headers/Public/React-Core\"",
					"\"${PODS_ROOT}/Headers/Public/React-RCTBlob\"",
					"\"${PODS_ROOT}/Headers/Public/React-RCTText\"",
					"\"${PODS_ROOT}/Headers/Public/React-cxxreact\"",
					"\"${PODS_ROOT}/Headers/Public/React-jsi\"",
					"\"${PODS_ROOT}/Headers/Public/React-jsiexecutor\"",
					"\"${PODS_ROOT}/Headers/Public/React-jsinspector\"",
					"\"${PODS_ROOT}/Headers/Public/ReactCommon\"",
					"\"${PODS_ROOT}/Headers/Public/Toast\"",
					"\"${PODS_ROOT}/Headers/Public/Yoga\"",
					"\"${PODS_ROOT}/Headers/Public/glog\"",
					"\"${PODS_ROOT}/Headers/Public/react-native-blur\"",
					"\"${PODS_ROOT}/Headers/Public/react-native-image-picker\"",
					"\"${PODS_ROOT}/Headers/Public/react-native-safe-area-context\"",
					"\"${PODS_ROOT}/Headers/Public/react-native-splash-screen\"",
					"\"${PODS_ROOT}/Headers/Public/react-native-viewpager\"",
					"\"$(PODS_ROOT)/Headers/Private/React-Core\"",
					"$(SRCROOT)/../node_modules/react-native/Libraries/LinkingIOS",
				);
				INFOPLIST_FILE = PMClient/Info.plist;
				LD_RUNPATH_SEARCH_PATHS = "$(inherited) @executable_path/Frameworks";
				MARKETING_VERSION = 1.81;
				OTHER_LDFLAGS = (
					"$(inherited)",
					"-ObjC",
					"-lc++",
				);
				PRODUCT_BUNDLE_IDENTIFIER = com.tigra.tigra;
				PRODUCT_NAME = PMClient;
				PROVISIONING_PROFILE = "2b24e3dd-688d-4c10-b4a5-55611d7c02b9";
				PROVISIONING_PROFILE_SPECIFIER = "match AppStore com.tigra.tigra";
				SWIFT_OBJC_BRIDGING_HEADER = "PMClient-Bridging-Header.h";
				SWIFT_VERSION = 5.0;
				VERSIONING_SYSTEM = "apple-generic";
			};
			name = Release;
		};
		2D02E4971E0B4A5E006451C7 /* Debug */ = {
			isa = XCBuildConfiguration;
			baseConfigurationReference = 79237D7DCF58CFAC1F8E8A7A /* Pods-PMClient-tvOS.debug.xcconfig */;
			buildSettings = {
				ASSETCATALOG_COMPILER_APPICON_NAME = "App Icon & Top Shelf Image";
				ASSETCATALOG_COMPILER_LAUNCHIMAGE_NAME = LaunchImage;
				CLANG_ANALYZER_NONNULL = YES;
				CLANG_WARN_DOCUMENTATION_COMMENTS = YES;
				CLANG_WARN_INFINITE_RECURSION = YES;
				CLANG_WARN_SUSPICIOUS_MOVE = YES;
				DEBUG_INFORMATION_FORMAT = dwarf;
				DEVELOPMENT_TEAM = DYZK2X8RJR;
				ENABLE_TESTABILITY = YES;
				GCC_NO_COMMON_BLOCKS = YES;
				INFOPLIST_FILE = "PMClient-tvOS/Info.plist";
				LD_RUNPATH_SEARCH_PATHS = "$(inherited) @executable_path/Frameworks";
				OTHER_LDFLAGS = (
					"$(inherited)",
					"-ObjC",
					"-lc++",
				);
				PRODUCT_BUNDLE_IDENTIFIER = "com.facebook.REACT.PMClient-tvOS";
				PRODUCT_NAME = "$(TARGET_NAME)";
				SDKROOT = appletvos;
				TARGETED_DEVICE_FAMILY = 3;
				TVOS_DEPLOYMENT_TARGET = 9.2;
			};
			name = Debug;
		};
		2D02E4981E0B4A5E006451C7 /* Release */ = {
			isa = XCBuildConfiguration;
			baseConfigurationReference = 84DC46B821EECE2079B4E565 /* Pods-PMClient-tvOS.release.xcconfig */;
			buildSettings = {
				ASSETCATALOG_COMPILER_APPICON_NAME = "App Icon & Top Shelf Image";
				ASSETCATALOG_COMPILER_LAUNCHIMAGE_NAME = LaunchImage;
				CLANG_ANALYZER_NONNULL = YES;
				CLANG_WARN_DOCUMENTATION_COMMENTS = YES;
				CLANG_WARN_INFINITE_RECURSION = YES;
				CLANG_WARN_SUSPICIOUS_MOVE = YES;
				COPY_PHASE_STRIP = NO;
				DEBUG_INFORMATION_FORMAT = "dwarf-with-dsym";
				DEVELOPMENT_TEAM = DYZK2X8RJR;
				GCC_NO_COMMON_BLOCKS = YES;
				INFOPLIST_FILE = "PMClient-tvOS/Info.plist";
				LD_RUNPATH_SEARCH_PATHS = "$(inherited) @executable_path/Frameworks";
				OTHER_LDFLAGS = (
					"$(inherited)",
					"-ObjC",
					"-lc++",
				);
				PRODUCT_BUNDLE_IDENTIFIER = "com.facebook.REACT.PMClient-tvOS";
				PRODUCT_NAME = "$(TARGET_NAME)";
				PROVISIONING_PROFILE = "2b24e3dd-688d-4c10-b4a5-55611d7c02b9";
				PROVISIONING_PROFILE_SPECIFIER = tigra;
				SDKROOT = appletvos;
				TARGETED_DEVICE_FAMILY = 3;
				TVOS_DEPLOYMENT_TARGET = 9.2;
			};
			name = Release;
		};
		2D02E4991E0B4A5E006451C7 /* Debug */ = {
			isa = XCBuildConfiguration;
			baseConfigurationReference = 160884F4D88D3F4085AD7479 /* Pods-PMClient-tvOSTests.debug.xcconfig */;
			buildSettings = {
				BUNDLE_LOADER = "$(TEST_HOST)";
				CLANG_ANALYZER_NONNULL = YES;
				CLANG_WARN_DOCUMENTATION_COMMENTS = YES;
				CLANG_WARN_INFINITE_RECURSION = YES;
				CLANG_WARN_SUSPICIOUS_MOVE = YES;
				DEBUG_INFORMATION_FORMAT = dwarf;
				DEVELOPMENT_TEAM = DYZK2X8RJR;
				ENABLE_TESTABILITY = YES;
				GCC_NO_COMMON_BLOCKS = YES;
				INFOPLIST_FILE = "PMClient-tvOSTests/Info.plist";
				LD_RUNPATH_SEARCH_PATHS = "$(inherited) @executable_path/Frameworks @loader_path/Frameworks";
				OTHER_LDFLAGS = (
					"$(inherited)",
					"-ObjC",
					"-lc++",
				);
				PRODUCT_BUNDLE_IDENTIFIER = "com.facebook.REACT.PMClient-tvOSTests";
				PRODUCT_NAME = "$(TARGET_NAME)";
				SDKROOT = appletvos;
				TEST_HOST = "$(BUILT_PRODUCTS_DIR)/PMClient-tvOS.app/PMClient-tvOS";
				TVOS_DEPLOYMENT_TARGET = 10.1;
			};
			name = Debug;
		};
		2D02E49A1E0B4A5E006451C7 /* Release */ = {
			isa = XCBuildConfiguration;
			baseConfigurationReference = B149C3E4C7F6AB77FBB1E417 /* Pods-PMClient-tvOSTests.release.xcconfig */;
			buildSettings = {
				BUNDLE_LOADER = "$(TEST_HOST)";
				CLANG_ANALYZER_NONNULL = YES;
				CLANG_WARN_DOCUMENTATION_COMMENTS = YES;
				CLANG_WARN_INFINITE_RECURSION = YES;
				CLANG_WARN_SUSPICIOUS_MOVE = YES;
				COPY_PHASE_STRIP = NO;
				DEBUG_INFORMATION_FORMAT = "dwarf-with-dsym";
				DEVELOPMENT_TEAM = DYZK2X8RJR;
				GCC_NO_COMMON_BLOCKS = YES;
				INFOPLIST_FILE = "PMClient-tvOSTests/Info.plist";
				LD_RUNPATH_SEARCH_PATHS = "$(inherited) @executable_path/Frameworks @loader_path/Frameworks";
				OTHER_LDFLAGS = (
					"$(inherited)",
					"-ObjC",
					"-lc++",
				);
				PRODUCT_BUNDLE_IDENTIFIER = "com.facebook.REACT.PMClient-tvOSTests";
				PRODUCT_NAME = "$(TARGET_NAME)";
				PROVISIONING_PROFILE = "2b24e3dd-688d-4c10-b4a5-55611d7c02b9";
				PROVISIONING_PROFILE_SPECIFIER = tigra;
				SDKROOT = appletvos;
				TEST_HOST = "$(BUILT_PRODUCTS_DIR)/PMClient-tvOS.app/PMClient-tvOS";
				TVOS_DEPLOYMENT_TARGET = 10.1;
			};
			name = Release;
		};
		83CBBA201A601CBA00E9B192 /* Debug */ = {
			isa = XCBuildConfiguration;
			buildSettings = {
				ALWAYS_EMBED_SWIFT_STANDARD_LIBRARIES = YES;
				ALWAYS_SEARCH_USER_PATHS = NO;
				CLANG_ANALYZER_LOCALIZABILITY_NONLOCALIZED = YES;
				CLANG_CXX_LANGUAGE_STANDARD = "gnu++0x";
				CLANG_CXX_LIBRARY = "libc++";
				CLANG_ENABLE_MODULES = YES;
				CLANG_ENABLE_OBJC_ARC = YES;
				CLANG_WARN_BLOCK_CAPTURE_AUTORELEASING = YES;
				CLANG_WARN_BOOL_CONVERSION = YES;
				CLANG_WARN_COMMA = YES;
				CLANG_WARN_CONSTANT_CONVERSION = YES;
				CLANG_WARN_DEPRECATED_OBJC_IMPLEMENTATIONS = YES;
				CLANG_WARN_DIRECT_OBJC_ISA_USAGE = YES_ERROR;
				CLANG_WARN_EMPTY_BODY = YES;
				CLANG_WARN_ENUM_CONVERSION = YES;
				CLANG_WARN_INFINITE_RECURSION = YES;
				CLANG_WARN_INT_CONVERSION = YES;
				CLANG_WARN_NON_LITERAL_NULL_CONVERSION = YES;
				CLANG_WARN_OBJC_IMPLICIT_RETAIN_SELF = YES;
				CLANG_WARN_OBJC_LITERAL_CONVERSION = YES;
				CLANG_WARN_OBJC_ROOT_CLASS = YES_ERROR;
				CLANG_WARN_RANGE_LOOP_ANALYSIS = YES;
				CLANG_WARN_STRICT_PROTOTYPES = YES;
				CLANG_WARN_SUSPICIOUS_MOVE = YES;
				CLANG_WARN_UNREACHABLE_CODE = YES;
				CLANG_WARN__DUPLICATE_METHOD_MATCH = YES;
				"CODE_SIGN_IDENTITY[sdk=iphoneos*]" = "iPhone Developer";
				COPY_PHASE_STRIP = NO;
				ENABLE_STRICT_OBJC_MSGSEND = YES;
				ENABLE_TESTABILITY = YES;
				GCC_C_LANGUAGE_STANDARD = gnu99;
				GCC_DYNAMIC_NO_PIC = NO;
				GCC_NO_COMMON_BLOCKS = YES;
				GCC_OPTIMIZATION_LEVEL = 0;
				GCC_PREPROCESSOR_DEFINITIONS = (
					"FB_SONARKIT_ENABLED=1\n\nFB_SONARKIT_ENABLED=1\n\nFB_SONARKIT_ENABLED=1",
					"DEBUG=1",
					"$(inherited)",
				);
				GCC_SYMBOLS_PRIVATE_EXTERN = NO;
				GCC_WARN_64_TO_32_BIT_CONVERSION = YES;
				GCC_WARN_ABOUT_RETURN_TYPE = YES_ERROR;
				GCC_WARN_UNDECLARED_SELECTOR = YES;
				GCC_WARN_UNINITIALIZED_AUTOS = YES_AGGRESSIVE;
				GCC_WARN_UNUSED_FUNCTION = YES;
				GCC_WARN_UNUSED_VARIABLE = YES;
				IPHONEOS_DEPLOYMENT_TARGET = 9.0;
				LIBRARY_SEARCH_PATHS = (
					"\"$(TOOLCHAIN_DIR)/usr/lib/swift/$(PLATFORM_NAME)\"",
					"\"$(TOOLCHAIN_DIR)/usr/lib/swift-5.0/$(PLATFORM_NAME)\"",
					"\"$(inherited)\"",
				);
				MTL_ENABLE_DEBUG_INFO = YES;
				ONLY_ACTIVE_ARCH = YES;
				SDKROOT = iphoneos;
			};
			name = Debug;
		};
		83CBBA211A601CBA00E9B192 /* Release */ = {
			isa = XCBuildConfiguration;
			buildSettings = {
				ALWAYS_EMBED_SWIFT_STANDARD_LIBRARIES = YES;
				ALWAYS_SEARCH_USER_PATHS = NO;
				CLANG_ANALYZER_LOCALIZABILITY_NONLOCALIZED = YES;
				CLANG_CXX_LANGUAGE_STANDARD = "gnu++0x";
				CLANG_CXX_LIBRARY = "libc++";
				CLANG_ENABLE_MODULES = YES;
				CLANG_ENABLE_OBJC_ARC = YES;
				CLANG_WARN_BLOCK_CAPTURE_AUTORELEASING = YES;
				CLANG_WARN_BOOL_CONVERSION = YES;
				CLANG_WARN_COMMA = YES;
				CLANG_WARN_CONSTANT_CONVERSION = YES;
				CLANG_WARN_DEPRECATED_OBJC_IMPLEMENTATIONS = YES;
				CLANG_WARN_DIRECT_OBJC_ISA_USAGE = YES_ERROR;
				CLANG_WARN_EMPTY_BODY = YES;
				CLANG_WARN_ENUM_CONVERSION = YES;
				CLANG_WARN_INFINITE_RECURSION = YES;
				CLANG_WARN_INT_CONVERSION = YES;
				CLANG_WARN_NON_LITERAL_NULL_CONVERSION = YES;
				CLANG_WARN_OBJC_IMPLICIT_RETAIN_SELF = YES;
				CLANG_WARN_OBJC_LITERAL_CONVERSION = YES;
				CLANG_WARN_OBJC_ROOT_CLASS = YES_ERROR;
				CLANG_WARN_RANGE_LOOP_ANALYSIS = YES;
				CLANG_WARN_STRICT_PROTOTYPES = YES;
				CLANG_WARN_SUSPICIOUS_MOVE = YES;
				CLANG_WARN_UNREACHABLE_CODE = YES;
				CLANG_WARN__DUPLICATE_METHOD_MATCH = YES;
				"CODE_SIGN_IDENTITY[sdk=iphoneos*]" = "iPhone Developer";
				COPY_PHASE_STRIP = YES;
				ENABLE_NS_ASSERTIONS = NO;
				ENABLE_STRICT_OBJC_MSGSEND = YES;
				GCC_C_LANGUAGE_STANDARD = gnu99;
				GCC_NO_COMMON_BLOCKS = YES;
				GCC_WARN_64_TO_32_BIT_CONVERSION = YES;
				GCC_WARN_ABOUT_RETURN_TYPE = YES_ERROR;
				GCC_WARN_UNDECLARED_SELECTOR = YES;
				GCC_WARN_UNINITIALIZED_AUTOS = YES_AGGRESSIVE;
				GCC_WARN_UNUSED_FUNCTION = YES;
				GCC_WARN_UNUSED_VARIABLE = YES;
				IPHONEOS_DEPLOYMENT_TARGET = 9.0;
				LIBRARY_SEARCH_PATHS = (
					"\"$(TOOLCHAIN_DIR)/usr/lib/swift/$(PLATFORM_NAME)\"",
					"\"$(TOOLCHAIN_DIR)/usr/lib/swift-5.0/$(PLATFORM_NAME)\"",
					"\"$(inherited)\"",
				);
				MTL_ENABLE_DEBUG_INFO = NO;
				SDKROOT = iphoneos;
				VALIDATE_PRODUCT = YES;
			};
			name = Release;
		};
/* End XCBuildConfiguration section */

/* Begin XCConfigurationList section */
		00E357021AD99517003FC87E /* Build configuration list for PBXNativeTarget "PMClientTests" */ = {
			isa = XCConfigurationList;
			buildConfigurations = (
				00E356F61AD99517003FC87E /* Debug */,
				00E356F71AD99517003FC87E /* Release */,
			);
			defaultConfigurationIsVisible = 0;
			defaultConfigurationName = Release;
		};
		13B07F931A680F5B00A75B9A /* Build configuration list for PBXNativeTarget "PMClient" */ = {
			isa = XCConfigurationList;
			buildConfigurations = (
				13B07F941A680F5B00A75B9A /* Debug */,
				13B07F951A680F5B00A75B9A /* Release */,
			);
			defaultConfigurationIsVisible = 0;
			defaultConfigurationName = Release;
		};
		2D02E4BA1E0B4A5E006451C7 /* Build configuration list for PBXNativeTarget "PMClient-tvOS" */ = {
			isa = XCConfigurationList;
			buildConfigurations = (
				2D02E4971E0B4A5E006451C7 /* Debug */,
				2D02E4981E0B4A5E006451C7 /* Release */,
			);
			defaultConfigurationIsVisible = 0;
			defaultConfigurationName = Release;
		};
		2D02E4BB1E0B4A5E006451C7 /* Build configuration list for PBXNativeTarget "PMClient-tvOSTests" */ = {
			isa = XCConfigurationList;
			buildConfigurations = (
				2D02E4991E0B4A5E006451C7 /* Debug */,
				2D02E49A1E0B4A5E006451C7 /* Release */,
			);
			defaultConfigurationIsVisible = 0;
			defaultConfigurationName = Release;
		};
		83CBB9FA1A601CBA00E9B192 /* Build configuration list for PBXProject "PMClient" */ = {
			isa = XCConfigurationList;
			buildConfigurations = (
				83CBBA201A601CBA00E9B192 /* Debug */,
				83CBBA211A601CBA00E9B192 /* Release */,
			);
			defaultConfigurationIsVisible = 0;
			defaultConfigurationName = Release;
		};
/* End XCConfigurationList section */
	};
	rootObject = 83CBB9F71A601CBA00E9B192 /* Project object */;
}
